// !$*UTF8*$!
{
	archiveVersion = 1;
	classes = {
	};
	objectVersion = 77;
	objects = {

/* Begin PBXBuildFile section */
		00B6687EE07E1D652C3B3F18 /* ReceiptDateDetector.swift in Sources */ = {isa = PBXBuildFile; fileRef = 2079E5EC54AC037758908FF5 /* ReceiptDateDetector.swift */; };
		0357085443A9651EF4E77F6E /* ShareSheetView.swift in Sources */ = {isa = PBXBuildFile; fileRef = D65E49DF78FE2F53DF54D1FB /* ShareSheetView.swift */; };
		0369C28D357DC89548A9CF71 /* QuickSendContactStore.swift in Sources */ = {isa = PBXBuildFile; fileRef = 4C55D1066ECBE9ED09826A40 /* QuickSendContactStore.swift */; };
		0A932F628E1DA811D4270E99 /* AzureDocumentIntelligenceService.swift in Sources */ = {isa = PBXBuildFile; fileRef = 0D8C1B2CC52448F9E1515329 /* AzureDocumentIntelligenceService.swift */; };
		10EBDAD489DA8B06819F4551 /* BillReviewView.swift in Sources */ = {isa = PBXBuildFile; fileRef = CEC8FCD6E9B669200EEEC134 /* BillReviewView.swift */; };
		125D3BCF0814C82BF2153235 /* BillPhotoViewerView.swift in Sources */ = {isa = PBXBuildFile; fileRef = 86442B7A67FF10D3BC18F73F /* BillPhotoViewerView.swift */; };
		12E106F5E07CA03FD1D96A9D /* DuplicateDetectionService.swift in Sources */ = {isa = PBXBuildFile; fileRef = 821135EAEB594F15E8ECCC57 /* DuplicateDetectionService.swift */; };
		144D08E0FF0AFFC096A58B8E /* ReceiptAmountDetector.swift in Sources */ = {isa = PBXBuildFile; fileRef = E09FF1A61ACC24D913C73900 /* ReceiptAmountDetector.swift */; };
		1579641B6C78471A95945A1E /* BatchReceiptSubmitView.swift in Sources */ = {isa = PBXBuildFile; fileRef = 5B5CC0C2403B122863DCF1E3 /* BatchReceiptSubmitView.swift */; };
		167A6DAFB1FCB380DC1D043D /* SettingsView.swift in Sources */ = {isa = PBXBuildFile; fileRef = 60DE60441FC6CA5A44E28DEF /* SettingsView.swift */; };
		16A31AF37D41B42F94982675 /* AutoBackupService.swift in Sources */ = {isa = PBXBuildFile; fileRef = E32F2DD659E3FF9FED54431B /* AutoBackupService.swift */; };
		1BEBCD8888AB65FF0B4D5827 /* APIKeyTester.swift in Sources */ = {isa = PBXBuildFile; fileRef = BB36EA362AA135F1B51EA904 /* APIKeyTester.swift */; };
		209B3D7E78931388864C1CC5 /* ReceiptDropApp.swift in Sources */ = {isa = PBXBuildFile; fileRef = 399D1B3777B6FF27E193E2F1 /* ReceiptDropApp.swift */; };
		22031BFF337270977E620A55 /* CategoryDeleteService.swift in Sources */ = {isa = PBXBuildFile; fileRef = CF380D2280F12372F67471C0 /* CategoryDeleteService.swift */; };
		222AB11BDCCC95A76EEE9A7A /* BillModels.swift in Sources */ = {isa = PBXBuildFile; fileRef = EE72A7EE2EB472CB550F4F88 /* BillModels.swift */; };
		22D8A781125DF11A585649F7 /* BillItemizationService.swift in Sources */ = {isa = PBXBuildFile; fileRef = 59F671CC05560D0329CB8D2F /* BillItemizationService.swift */; };
		2758563DD364D2869806A2C4 /* TorchPreferenceStore.swift in Sources */ = {isa = PBXBuildFile; fileRef = 0BF53CB390C89FC9984BDC13 /* TorchPreferenceStore.swift */; };
		2CAE2204791C62216D81F2DE /* ClaudeService.swift in Sources */ = {isa = PBXBuildFile; fileRef = A7730A1380B462CC48DB1C5E /* ClaudeService.swift */; };
		308E182BEAEFEEB3A2BB9BD7 /* FoundationModelsService.swift in Sources */ = {isa = PBXBuildFile; fileRef = 874DB9B5F6B131E4EF1B14AB /* FoundationModelsService.swift */; };
		31E47729BD1490BD30CC4104 /* LiveTextScannerView.swift in Sources */ = {isa = PBXBuildFile; fileRef = B105A03343BABE54825F3461 /* LiveTextScannerView.swift */; };
		33B67E5A8F3C95456C1D3091 /* BillPhotoViewerView.swift in Sources */ = {isa = PBXBuildFile; fileRef = 86442B7A67FF10D3BC18F73F /* BillPhotoViewerView.swift */; };
		379E0098262BB5CF0E978D5D /* LocalReceiptStore.swift in Sources */ = {isa = PBXBuildFile; fileRef = 6327AB2F8D8F5AB6B0134013 /* LocalReceiptStore.swift */; };
		38789BB5235E9A416422F54C /* CategoryMergeService.swift in Sources */ = {isa = PBXBuildFile; fileRef = B53F75D6339B27D330F62AF5 /* CategoryMergeService.swift */; };
		40103CE18DB63CAEC200FC8E /* Assets.xcassets in Resources */ = {isa = PBXBuildFile; fileRef = 2BA4083781DB6C6A6F55D792 /* Assets.xcassets */; };
		401A2E4BB076015C80CB489B /* BatchSubmissionRunner.swift in Sources */ = {isa = PBXBuildFile; fileRef = 50557937A6FFA7EE5E0A83CD /* BatchSubmissionRunner.swift */; };
		AF51CE58E080EC951A7EF3BE /* AttachmentThumbnail.swift in Sources */ = {isa = PBXBuildFile; fileRef = D722E73BC9D30041753EE54E /* AttachmentThumbnail.swift */; };
		7835D12D8694D1F6879E5711 /* AttachmentThumbnail.swift in Sources */ = {isa = PBXBuildFile; fileRef = D722E73BC9D30041753EE54E /* AttachmentThumbnail.swift */; };
		438C22CA72F62D6792A44725 /* APIKeyTester.swift in Sources */ = {isa = PBXBuildFile; fileRef = BB36EA362AA135F1B51EA904 /* APIKeyTester.swift */; };
		47A0F236D3B5AA0B3B86D7B1 /* FoundationModelsService.swift in Sources */ = {isa = PBXBuildFile; fileRef = 874DB9B5F6B131E4EF1B14AB /* FoundationModelsService.swift */; };
		47A99C2F4083B3B48436F481 /* CategoryDeleteService.swift in Sources */ = {isa = PBXBuildFile; fileRef = CF380D2280F12372F67471C0 /* CategoryDeleteService.swift */; };
		48B4716DBEE24027E4094340 /* ClaudeService.swift in Sources */ = {isa = PBXBuildFile; fileRef = A7730A1380B462CC48DB1C5E /* ClaudeService.swift */; };
		53A231EDE5EC0E17EDAF8BC0 /* BillModels.swift in Sources */ = {isa = PBXBuildFile; fileRef = EE72A7EE2EB472CB550F4F88 /* BillModels.swift */; };
		54EBDEACA67CDD0340D4C3E1 /* SubmissionStore.swift in Sources */ = {isa = PBXBuildFile; fileRef = 57FF61EB58699460FE16D612 /* SubmissionStore.swift */; };
		54ED10E6932E78F13E41BA9E /* AppCurrency.swift in Sources */ = {isa = PBXBuildFile; fileRef = 75F1DCAB3A0B8F31D59D2036 /* AppCurrency.swift */; };
		565E406ADD2728D9A3D43D98 /* AppConstants.swift in Sources */ = {isa = PBXBuildFile; fileRef = E2941693C5D3EECC412C2593 /* AppConstants.swift */; };
		58168498563928C083F7B003 /* ConnectAIView.swift in Sources */ = {isa = PBXBuildFile; fileRef = 3B5E0049BD90BDFDE54268AE /* ConnectAIView.swift */; };
		5FCEF3B0A481F744472916B3 /* AdaptiveCategoryPickerStyle.swift in Sources */ = {isa = PBXBuildFile; fileRef = 07BDF38B71C73D066236EEB8 /* AdaptiveCategoryPickerStyle.swift */; };
		674FAF45C59E0A1ECCE520AA /* ReceiptCropService.swift in Sources */ = {isa = PBXBuildFile; fileRef = 6EE145F3A4C712818F908A82 /* ReceiptCropService.swift */; };
		71CCDF38BD3109B77E790035 /* AppCurrency.swift in Sources */ = {isa = PBXBuildFile; fileRef = 75F1DCAB3A0B8F31D59D2036 /* AppCurrency.swift */; };
		77684F15B8C98AF84E326C8A /* ReceiptModels.swift in Sources */ = {isa = PBXBuildFile; fileRef = 2BEF39ED2BA4CEDA82883A16 /* ReceiptModels.swift */; };
		77B47008DA30372897F64B0C /* SubmissionPipeline.swift in Sources */ = {isa = PBXBuildFile; fileRef = C122E6E29AE0F7137A22889C /* SubmissionPipeline.swift */; };
		7A5B93EE1382D214EF45A12F /* CategoryMergeService.swift in Sources */ = {isa = PBXBuildFile; fileRef = B53F75D6339B27D330F62AF5 /* CategoryMergeService.swift */; };
		7BEB3A1247963FEF61B950FE /* AppConstants.swift in Sources */ = {isa = PBXBuildFile; fileRef = E2941693C5D3EECC412C2593 /* AppConstants.swift */; };
		7DA993E96E2763FBAB9BB3A0 /* ReceiptPreviewView.swift in Sources */ = {isa = PBXBuildFile; fileRef = A9E51159281ABA1A7AF432D8 /* ReceiptPreviewView.swift */; };
		7DC9169DF1AABEE1E48F39A9 /* AppTextSize.swift in Sources */ = {isa = PBXBuildFile; fileRef = 65429EAA84DE433AE5FE8369 /* AppTextSize.swift */; };
		849150F0B742BED665DFDD9E /* ReceiptSubmitView.swift in Sources */ = {isa = PBXBuildFile; fileRef = 67FFC883FACA1C7CB131B716 /* ReceiptSubmitView.swift */; };
		8993C405D307C9986F22BE26 /* PendingSubmissionProcessor.swift in Sources */ = {isa = PBXBuildFile; fileRef = 963BBE1D80A49FFD5690A813 /* PendingSubmissionProcessor.swift */; };
		8D9FC56A37C5FD5F392B6BCA /* ReceiptAmountDetector.swift in Sources */ = {isa = PBXBuildFile; fileRef = E09FF1A61ACC24D913C73900 /* ReceiptAmountDetector.swift */; };
		8F48CC0DC6C42F2C928F1C82 /* ExtractionFailureClassTests.swift in Sources */ = {isa = PBXBuildFile; fileRef = 974E714CBE6D526E00CE9477 /* ExtractionFailureClassTests.swift */; };
		1D9C132860E3197FD85C93C1 /* AttachmentThumbnailTests.swift in Sources */ = {isa = PBXBuildFile; fileRef = D82667C9734EE81639DE44B9 /* AttachmentThumbnailTests.swift */; };
		91B1D508C2908A0EB0045532 /* CategoryStore.swift in Sources */ = {isa = PBXBuildFile; fileRef = 820F21560AF35EFF72979693 /* CategoryStore.swift */; };
		92B9B6475BC80D6F58BD16D1 /* TorchPreferenceStore.swift in Sources */ = {isa = PBXBuildFile; fileRef = 0BF53CB390C89FC9984BDC13 /* TorchPreferenceStore.swift */; };
		94C1488C8061205BFD249837 /* LocalReceiptStoreTests.swift in Sources */ = {isa = PBXBuildFile; fileRef = 692D7F4C89AC5761011D00F8 /* LocalReceiptStoreTests.swift */; };
		96C6718D9DF2BB43D9402C98 /* AdaptiveCategoryPickerStyle.swift in Sources */ = {isa = PBXBuildFile; fileRef = 07BDF38B71C73D066236EEB8 /* AdaptiveCategoryPickerStyle.swift */; };
		986877CE36E68C3BF767AAD1 /* EditReceiptView.swift in Sources */ = {isa = PBXBuildFile; fileRef = 2487A2052B551FC00FDF8D17 /* EditReceiptView.swift */; };
		989C15E2F6780A8C9541AE6B /* KeychainHelper.swift in Sources */ = {isa = PBXBuildFile; fileRef = 86375C2C83E8E61C3F858C9B /* KeychainHelper.swift */; };
		9B6EF7B44DF6ABBE6B508386 /* BatchSubmissionRunner.swift in Sources */ = {isa = PBXBuildFile; fileRef = 50557937A6FFA7EE5E0A83CD /* BatchSubmissionRunner.swift */; };
		9BBA3B009C6F0F4AC8066DFD /* BillItemizationService.swift in Sources */ = {isa = PBXBuildFile; fileRef = 59F671CC05560D0329CB8D2F /* BillItemizationService.swift */; };
		9CD3681D099FDCFD5B144C4C /* ExtensionBatchSubmitView.swift in Sources */ = {isa = PBXBuildFile; fileRef = 116177924FC505B45B86141A /* ExtensionBatchSubmitView.swift */; };
		9D8CFA582B47C35EB43B1CDC /* ExtractionSettingsOverrideTests.swift in Sources */ = {isa = PBXBuildFile; fileRef = ACF73882CBDC5F84C48D9030 /* ExtractionSettingsOverrideTests.swift */; };
		9FFCC53F9104DE83324DD46A /* BatchReceiptSubmitView.swift in Sources */ = {isa = PBXBuildFile; fileRef = 5B5CC0C2403B122863DCF1E3 /* BatchReceiptSubmitView.swift */; };
		A138BC54F5D082BCBFFCD53F /* SpendingInsightsService.swift in Sources */ = {isa = PBXBuildFile; fileRef = 6B9C7F659B17F23A554F8347 /* SpendingInsightsService.swift */; };
		A24E47ED8C486ABC29BFD3D7 /* ReceiptDateDetector.swift in Sources */ = {isa = PBXBuildFile; fileRef = 2079E5EC54AC037758908FF5 /* ReceiptDateDetector.swift */; };
		A674F3ACE99C34781C6FEC45 /* CategoryRenameService.swift in Sources */ = {isa = PBXBuildFile; fileRef = 069D9E5F65259C3310655504 /* CategoryRenameService.swift */; };
		A76915423C9B86D56642BCC6 /* CategoryStore.swift in Sources */ = {isa = PBXBuildFile; fileRef = 820F21560AF35EFF72979693 /* CategoryStore.swift */; };
		A933026D14369CB556BD7573 /* AppTextSize.swift in Sources */ = {isa = PBXBuildFile; fileRef = 65429EAA84DE433AE5FE8369 /* AppTextSize.swift */; };
		ADDC7BC434839EA099ADC4D5 /* ReceiptModels.swift in Sources */ = {isa = PBXBuildFile; fileRef = 2BEF39ED2BA4CEDA82883A16 /* ReceiptModels.swift */; };
		AE18599D98AAD1E3BB514884 /* SubmissionStore.swift in Sources */ = {isa = PBXBuildFile; fileRef = 57FF61EB58699460FE16D612 /* SubmissionStore.swift */; };
		B1A7EBA870C0366E61928410 /* DuplicateReviewView.swift in Sources */ = {isa = PBXBuildFile; fileRef = EE82950D18F3776A7AFFCC5B /* DuplicateReviewView.swift */; };
		B1D1A4149D421F8F2BB69B12 /* ReceiptsView.swift in Sources */ = {isa = PBXBuildFile; fileRef = 54DEA5E5F2DDE4AC17C77C9D /* ReceiptsView.swift */; };
		B2B5F969AB26FADF24B4F76C /* DuplicateDetectionService.swift in Sources */ = {isa = PBXBuildFile; fileRef = 821135EAEB594F15E8ECCC57 /* DuplicateDetectionService.swift */; };
		B311E2C1168EE57DB4DE55D2 /* ReceiptSubmitView.swift in Sources */ = {isa = PBXBuildFile; fileRef = 67FFC883FACA1C7CB131B716 /* ReceiptSubmitView.swift */; };
		B5C60B32F4136D0847F2AE4D /* ManualEntryOCRPrefill.swift in Sources */ = {isa = PBXBuildFile; fileRef = E63868D8B4CCD0380B19A205 /* ManualEntryOCRPrefill.swift */; };
		BF5C1B36744BA74AB4605245 /* BillEvalView.swift in Sources */ = {isa = PBXBuildFile; fileRef = D7CE5CF9262C43188D5295AB /* BillEvalView.swift */; };
		BF823103E7489F33241DBF6A /* SubmissionPipeline.swift in Sources */ = {isa = PBXBuildFile; fileRef = C122E6E29AE0F7137A22889C /* SubmissionPipeline.swift */; };
		C2D72AFC0FBB745AFE861F5D /* KeychainHelper.swift in Sources */ = {isa = PBXBuildFile; fileRef = 86375C2C83E8E61C3F858C9B /* KeychainHelper.swift */; };
		C32FDB83FC26419198E81434 /* BillEvalHarness.swift in Sources */ = {isa = PBXBuildFile; fileRef = 525C3226B85E765DA6EC3B6C /* BillEvalHarness.swift */; };
		C4E78BEADE759B3127334076 /* SettingsInfoLink.swift in Sources */ = {isa = PBXBuildFile; fileRef = FE989CFC7987A552BBCBBB3D /* SettingsInfoLink.swift */; };
		C4F8FCDA1B735A3B5E8B03A7 /* ContentView.swift in Sources */ = {isa = PBXBuildFile; fileRef = 6CEFB96E5673FBC20796DFAE /* ContentView.swift */; };
		C8788FFE4E479DE4B65B431B /* CategoryRenameService.swift in Sources */ = {isa = PBXBuildFile; fileRef = 069D9E5F65259C3310655504 /* CategoryRenameService.swift */; };
		CF06EAD2DC7F665E546AF5DB /* CategoriesView.swift in Sources */ = {isa = PBXBuildFile; fileRef = 40594EEE43B6E118DC837A56 /* CategoriesView.swift */; };
		CF5DC508A191029FC0DEA65B /* NewReceiptView.swift in Sources */ = {isa = PBXBuildFile; fileRef = 21D87B0E04C004C048B153C0 /* NewReceiptView.swift */; };
		CFE53FAC67791495F8559F49 /* ManualEntryOCRPrefill.swift in Sources */ = {isa = PBXBuildFile; fileRef = E63868D8B4CCD0380B19A205 /* ManualEntryOCRPrefill.swift */; };
		D103EE8EA7FB89F874E54221 /* ShareViewController.swift in Sources */ = {isa = PBXBuildFile; fileRef = 1A93982D67223B82A377969E /* ShareViewController.swift */; };
		D17272B0870CEF10FAE38E2E /* PendingSubmissionProcessor.swift in Sources */ = {isa = PBXBuildFile; fileRef = 963BBE1D80A49FFD5690A813 /* PendingSubmissionProcessor.swift */; };
		D1BAED8453DC3C6D5675D660 /* LocalReceiptStore.swift in Sources */ = {isa = PBXBuildFile; fileRef = 6327AB2F8D8F5AB6B0134013 /* LocalReceiptStore.swift */; };
		D3368E8055B39FE47AA6A0A5 /* ManualReceiptEntryView.swift in Sources */ = {isa = PBXBuildFile; fileRef = 95B580A99D583CAAF76374FD /* ManualReceiptEntryView.swift */; };
		DC2AEFBDB10450622ED9569E /* ReceiptCropService.swift in Sources */ = {isa = PBXBuildFile; fileRef = 6EE145F3A4C712818F908A82 /* ReceiptCropService.swift */; };
		DEF3F7AFC83A15F5A809CF52 /* ScannedTextSubmitView.swift in Sources */ = {isa = PBXBuildFile; fileRef = 7B3295A349899BF8290F0B97 /* ScannedTextSubmitView.swift */; };
		E1B43E5E39B38CC08C3A7824 /* ExtractionLogicTests.swift in Sources */ = {isa = PBXBuildFile; fileRef = 35A1A78E48AAD20590B47E39 /* ExtractionLogicTests.swift */; };
		E23F74196CB32223A35D1C70 /* ShareExtension.appex in Embed Foundation Extensions */ = {isa = PBXBuildFile; fileRef = 24F99E4477C2AFEDD8DC698B /* ShareExtension.appex */; settings = {ATTRIBUTES = (RemoveHeadersOnCopy, ); }; };
		E520FAD5D609E53E000FD1CA /* SettingsInfoLink.swift in Sources */ = {isa = PBXBuildFile; fileRef = FE989CFC7987A552BBCBBB3D /* SettingsInfoLink.swift */; };
		E7AED0646507150C7FAAFA65 /* AzureDocumentIntelligenceService.swift in Sources */ = {isa = PBXBuildFile; fileRef = 0D8C1B2CC52448F9E1515329 /* AzureDocumentIntelligenceService.swift */; };
		F210E6892B5CEBFAC855857E /* ManualEntryOCRPrefillTests.swift in Sources */ = {isa = PBXBuildFile; fileRef = 1E9F98C3A8C057A179F0CBE1 /* ManualEntryOCRPrefillTests.swift */; };
		F3BF161A4231487C54B8DB46 /* InsightsView.swift in Sources */ = {isa = PBXBuildFile; fileRef = 5CFF6F9F94C524551A1A7102 /* InsightsView.swift */; };
		F4D45048DA00D1430D6B75E3 /* Theme.swift in Sources */ = {isa = PBXBuildFile; fileRef = 3363F7383B194313AE1C80FF /* Theme.swift */; };
		FE5FFC1FA2508767E5C0500A /* BillEvalHarness.swift in Sources */ = {isa = PBXBuildFile; fileRef = 525C3226B85E765DA6EC3B6C /* BillEvalHarness.swift */; };
		FEE021180D225DB68B1FCF3D /* QuickSendContactStore.swift in Sources */ = {isa = PBXBuildFile; fileRef = 4C55D1066ECBE9ED09826A40 /* QuickSendContactStore.swift */; };
		FF020B55A8D3676354082B92 /* BillCaptureView.swift in Sources */ = {isa = PBXBuildFile; fileRef = E03258CA24E3618F36E11AE7 /* BillCaptureView.swift */; };
/* End PBXBuildFile section */

/* Begin PBXContainerItemProxy section */
		FBD703EC8ADBB0AC8AB6836E /* PBXContainerItemProxy */ = {
			isa = PBXContainerItemProxy;
			containerPortal = 6AA8498808D7803F5B7DEBD8 /* Project object */;
			proxyType = 1;
			remoteGlobalIDString = EDB1BC7D2E66F8679AE7B177;
			remoteInfo = ReceiptDrop;
		};
		FC41CCFD59A03FFEE7C9697C /* PBXContainerItemProxy */ = {
			isa = PBXContainerItemProxy;
			containerPortal = 6AA8498808D7803F5B7DEBD8 /* Project object */;
			proxyType = 1;
			remoteGlobalIDString = 61F0F3CB407B00DBD4E8AC86;
			remoteInfo = ShareExtension;
		};
/* End PBXContainerItemProxy section */

/* Begin PBXCopyFilesBuildPhase section */
		A67A5B7F658D7CFB08E3FB0D /* Embed Foundation Extensions */ = {
			isa = PBXCopyFilesBuildPhase;
			buildActionMask = 2147483647;
			dstPath = "";
			dstSubfolderSpec = 13;
			files = (
				E23F74196CB32223A35D1C70 /* ShareExtension.appex in Embed Foundation Extensions */,
			);
			name = "Embed Foundation Extensions";
			runOnlyForDeploymentPostprocessing = 0;
		};
/* End PBXCopyFilesBuildPhase section */

/* Begin PBXFileReference section */
		069D9E5F65259C3310655504 /* CategoryRenameService.swift */ = {isa = PBXFileReference; lastKnownFileType = sourcecode.swift; path = CategoryRenameService.swift; sourceTree = "<group>"; };
		07BDF38B71C73D066236EEB8 /* AdaptiveCategoryPickerStyle.swift */ = {isa = PBXFileReference; lastKnownFileType = sourcecode.swift; path = AdaptiveCategoryPickerStyle.swift; sourceTree = "<group>"; };
		096738F483C15B82B353EC44 /* Info.plist */ = {isa = PBXFileReference; lastKnownFileType = text.plist; path = Info.plist; sourceTree = "<group>"; };
		0BF53CB390C89FC9984BDC13 /* TorchPreferenceStore.swift */ = {isa = PBXFileReference; lastKnownFileType = sourcecode.swift; path = TorchPreferenceStore.swift; sourceTree = "<group>"; };
		0D8C1B2CC52448F9E1515329 /* AzureDocumentIntelligenceService.swift */ = {isa = PBXFileReference; lastKnownFileType = sourcecode.swift; path = AzureDocumentIntelligenceService.swift; sourceTree = "<group>"; };
		116177924FC505B45B86141A /* ExtensionBatchSubmitView.swift */ = {isa = PBXFileReference; lastKnownFileType = sourcecode.swift; path = ExtensionBatchSubmitView.swift; sourceTree = "<group>"; };
		1A93982D67223B82A377969E /* ShareViewController.swift */ = {isa = PBXFileReference; lastKnownFileType = sourcecode.swift; path = ShareViewController.swift; sourceTree = "<group>"; };
		1E9F98C3A8C057A179F0CBE1 /* ManualEntryOCRPrefillTests.swift */ = {isa = PBXFileReference; lastKnownFileType = sourcecode.swift; path = ManualEntryOCRPrefillTests.swift; sourceTree = "<group>"; };
		2079E5EC54AC037758908FF5 /* ReceiptDateDetector.swift */ = {isa = PBXFileReference; lastKnownFileType = sourcecode.swift; path = ReceiptDateDetector.swift; sourceTree = "<group>"; };
		21D87B0E04C004C048B153C0 /* NewReceiptView.swift */ = {isa = PBXFileReference; lastKnownFileType = sourcecode.swift; path = NewReceiptView.swift; sourceTree = "<group>"; };
		2487A2052B551FC00FDF8D17 /* EditReceiptView.swift */ = {isa = PBXFileReference; lastKnownFileType = sourcecode.swift; path = EditReceiptView.swift; sourceTree = "<group>"; };
		24F99E4477C2AFEDD8DC698B /* ShareExtension.appex */ = {isa = PBXFileReference; includeInIndex = 0; lastKnownFileType = "wrapper.app-extension"; path = ShareExtension.appex; sourceTree = BUILT_PRODUCTS_DIR; };
		2BA4083781DB6C6A6F55D792 /* Assets.xcassets */ = {isa = PBXFileReference; lastKnownFileType = folder.assetcatalog; path = Assets.xcassets; sourceTree = "<group>"; };
		2BEF39ED2BA4CEDA82883A16 /* ReceiptModels.swift */ = {isa = PBXFileReference; lastKnownFileType = sourcecode.swift; path = ReceiptModels.swift; sourceTree = "<group>"; };
		3126EACE7989CA12C3083A98 /* Info.plist */ = {isa = PBXFileReference; lastKnownFileType = text.plist; path = Info.plist; sourceTree = "<group>"; };
		3363F7383B194313AE1C80FF /* Theme.swift */ = {isa = PBXFileReference; lastKnownFileType = sourcecode.swift; path = Theme.swift; sourceTree = "<group>"; };
		35A1A78E48AAD20590B47E39 /* ExtractionLogicTests.swift */ = {isa = PBXFileReference; lastKnownFileType = sourcecode.swift; path = ExtractionLogicTests.swift; sourceTree = "<group>"; };
		399D1B3777B6FF27E193E2F1 /* ReceiptDropApp.swift */ = {isa = PBXFileReference; lastKnownFileType = sourcecode.swift; path = ReceiptDropApp.swift; sourceTree = "<group>"; };
		3B5E0049BD90BDFDE54268AE /* ConnectAIView.swift */ = {isa = PBXFileReference; lastKnownFileType = sourcecode.swift; path = ConnectAIView.swift; sourceTree = "<group>"; };
		40594EEE43B6E118DC837A56 /* CategoriesView.swift */ = {isa = PBXFileReference; lastKnownFileType = sourcecode.swift; path = CategoriesView.swift; sourceTree = "<group>"; };
		4538142851698631A6AF89CF /* ReceiptDropTests.xctest */ = {isa = PBXFileReference; includeInIndex = 0; lastKnownFileType = wrapper.cfbundle; path = ReceiptDropTests.xctest; sourceTree = BUILT_PRODUCTS_DIR; };
		4C55D1066ECBE9ED09826A40 /* QuickSendContactStore.swift */ = {isa = PBXFileReference; lastKnownFileType = sourcecode.swift; path = QuickSendContactStore.swift; sourceTree = "<group>"; };
		50557937A6FFA7EE5E0A83CD /* BatchSubmissionRunner.swift */ = {isa = PBXFileReference; lastKnownFileType = sourcecode.swift; path = BatchSubmissionRunner.swift; sourceTree = "<group>"; };
		D722E73BC9D30041753EE54E /* AttachmentThumbnail.swift */ = {isa = PBXFileReference; lastKnownFileType = sourcecode.swift; path = AttachmentThumbnail.swift; sourceTree = "<group>"; };
		525C3226B85E765DA6EC3B6C /* BillEvalHarness.swift */ = {isa = PBXFileReference; lastKnownFileType = sourcecode.swift; path = BillEvalHarness.swift; sourceTree = "<group>"; };
		54DEA5E5F2DDE4AC17C77C9D /* ReceiptsView.swift */ = {isa = PBXFileReference; lastKnownFileType = sourcecode.swift; path = ReceiptsView.swift; sourceTree = "<group>"; };
		57FF61EB58699460FE16D612 /* SubmissionStore.swift */ = {isa = PBXFileReference; lastKnownFileType = sourcecode.swift; path = SubmissionStore.swift; sourceTree = "<group>"; };
		59F671CC05560D0329CB8D2F /* BillItemizationService.swift */ = {isa = PBXFileReference; lastKnownFileType = sourcecode.swift; path = BillItemizationService.swift; sourceTree = "<group>"; };
		5B5CC0C2403B122863DCF1E3 /* BatchReceiptSubmitView.swift */ = {isa = PBXFileReference; lastKnownFileType = sourcecode.swift; path = BatchReceiptSubmitView.swift; sourceTree = "<group>"; };
		5CFF6F9F94C524551A1A7102 /* InsightsView.swift */ = {isa = PBXFileReference; lastKnownFileType = sourcecode.swift; path = InsightsView.swift; sourceTree = "<group>"; };
		60DE60441FC6CA5A44E28DEF /* SettingsView.swift */ = {isa = PBXFileReference; lastKnownFileType = sourcecode.swift; path = SettingsView.swift; sourceTree = "<group>"; };
		6327AB2F8D8F5AB6B0134013 /* LocalReceiptStore.swift */ = {isa = PBXFileReference; lastKnownFileType = sourcecode.swift; path = LocalReceiptStore.swift; sourceTree = "<group>"; };
		65429EAA84DE433AE5FE8369 /* AppTextSize.swift */ = {isa = PBXFileReference; lastKnownFileType = sourcecode.swift; path = AppTextSize.swift; sourceTree = "<group>"; };
		67FFC883FACA1C7CB131B716 /* ReceiptSubmitView.swift */ = {isa = PBXFileReference; lastKnownFileType = sourcecode.swift; path = ReceiptSubmitView.swift; sourceTree = "<group>"; };
		692D7F4C89AC5761011D00F8 /* LocalReceiptStoreTests.swift */ = {isa = PBXFileReference; lastKnownFileType = sourcecode.swift; path = LocalReceiptStoreTests.swift; sourceTree = "<group>"; };
		6B9C7F659B17F23A554F8347 /* SpendingInsightsService.swift */ = {isa = PBXFileReference; lastKnownFileType = sourcecode.swift; path = SpendingInsightsService.swift; sourceTree = "<group>"; };
		6CEFB96E5673FBC20796DFAE /* ContentView.swift */ = {isa = PBXFileReference; lastKnownFileType = sourcecode.swift; path = ContentView.swift; sourceTree = "<group>"; };
		6EE145F3A4C712818F908A82 /* ReceiptCropService.swift */ = {isa = PBXFileReference; lastKnownFileType = sourcecode.swift; path = ReceiptCropService.swift; sourceTree = "<group>"; };
		75F1DCAB3A0B8F31D59D2036 /* AppCurrency.swift */ = {isa = PBXFileReference; lastKnownFileType = sourcecode.swift; path = AppCurrency.swift; sourceTree = "<group>"; };
		7B3295A349899BF8290F0B97 /* ScannedTextSubmitView.swift */ = {isa = PBXFileReference; lastKnownFileType = sourcecode.swift; path = ScannedTextSubmitView.swift; sourceTree = "<group>"; };
		820F21560AF35EFF72979693 /* CategoryStore.swift */ = {isa = PBXFileReference; lastKnownFileType = sourcecode.swift; path = CategoryStore.swift; sourceTree = "<group>"; };
		821135EAEB594F15E8ECCC57 /* DuplicateDetectionService.swift */ = {isa = PBXFileReference; lastKnownFileType = sourcecode.swift; path = DuplicateDetectionService.swift; sourceTree = "<group>"; };
		86375C2C83E8E61C3F858C9B /* KeychainHelper.swift */ = {isa = PBXFileReference; lastKnownFileType = sourcecode.swift; path = KeychainHelper.swift; sourceTree = "<group>"; };
		86442B7A67FF10D3BC18F73F /* BillPhotoViewerView.swift */ = {isa = PBXFileReference; lastKnownFileType = sourcecode.swift; path = BillPhotoViewerView.swift; sourceTree = "<group>"; };
		874DB9B5F6B131E4EF1B14AB /* FoundationModelsService.swift */ = {isa = PBXFileReference; lastKnownFileType = sourcecode.swift; path = FoundationModelsService.swift; sourceTree = "<group>"; };
		95B580A99D583CAAF76374FD /* ManualReceiptEntryView.swift */ = {isa = PBXFileReference; lastKnownFileType = sourcecode.swift; path = ManualReceiptEntryView.swift; sourceTree = "<group>"; };
		963BBE1D80A49FFD5690A813 /* PendingSubmissionProcessor.swift */ = {isa = PBXFileReference; lastKnownFileType = sourcecode.swift; path = PendingSubmissionProcessor.swift; sourceTree = "<group>"; };
		974E714CBE6D526E00CE9477 /* ExtractionFailureClassTests.swift */ = {isa = PBXFileReference; lastKnownFileType = sourcecode.swift; path = ExtractionFailureClassTests.swift; sourceTree = "<group>"; };
		D82667C9734EE81639DE44B9 /* AttachmentThumbnailTests.swift */ = {isa = PBXFileReference; lastKnownFileType = sourcecode.swift; path = AttachmentThumbnailTests.swift; sourceTree = "<group>"; };
		9E9676D03C5C8CD8922DCCCB /* ReceiptDrop.app */ = {isa = PBXFileReference; includeInIndex = 0; lastKnownFileType = wrapper.application; path = ReceiptDrop.app; sourceTree = BUILT_PRODUCTS_DIR; };
		A390548284FDD4A341F7ABF5 /* ShareExtension.entitlements */ = {isa = PBXFileReference; lastKnownFileType = text.plist.entitlements; path = ShareExtension.entitlements; sourceTree = "<group>"; };
		A7730A1380B462CC48DB1C5E /* ClaudeService.swift */ = {isa = PBXFileReference; lastKnownFileType = sourcecode.swift; path = ClaudeService.swift; sourceTree = "<group>"; };
		A9E51159281ABA1A7AF432D8 /* ReceiptPreviewView.swift */ = {isa = PBXFileReference; lastKnownFileType = sourcecode.swift; path = ReceiptPreviewView.swift; sourceTree = "<group>"; };
		ACF73882CBDC5F84C48D9030 /* ExtractionSettingsOverrideTests.swift */ = {isa = PBXFileReference; lastKnownFileType = sourcecode.swift; path = ExtractionSettingsOverrideTests.swift; sourceTree = "<group>"; };
		B105A03343BABE54825F3461 /* LiveTextScannerView.swift */ = {isa = PBXFileReference; lastKnownFileType = sourcecode.swift; path = LiveTextScannerView.swift; sourceTree = "<group>"; };
		B53F75D6339B27D330F62AF5 /* CategoryMergeService.swift */ = {isa = PBXFileReference; lastKnownFileType = sourcecode.swift; path = CategoryMergeService.swift; sourceTree = "<group>"; };
		BB36EA362AA135F1B51EA904 /* APIKeyTester.swift */ = {isa = PBXFileReference; lastKnownFileType = sourcecode.swift; path = APIKeyTester.swift; sourceTree = "<group>"; };
		C122E6E29AE0F7137A22889C /* SubmissionPipeline.swift */ = {isa = PBXFileReference; lastKnownFileType = sourcecode.swift; path = SubmissionPipeline.swift; sourceTree = "<group>"; };
		CEC8FCD6E9B669200EEEC134 /* BillReviewView.swift */ = {isa = PBXFileReference; lastKnownFileType = sourcecode.swift; path = BillReviewView.swift; sourceTree = "<group>"; };
		CF380D2280F12372F67471C0 /* CategoryDeleteService.swift */ = {isa = PBXFileReference; lastKnownFileType = sourcecode.swift; path = CategoryDeleteService.swift; sourceTree = "<group>"; };
		D65E49DF78FE2F53DF54D1FB /* ShareSheetView.swift */ = {isa = PBXFileReference; lastKnownFileType = sourcecode.swift; path = ShareSheetView.swift; sourceTree = "<group>"; };
		D7CE5CF9262C43188D5295AB /* BillEvalView.swift */ = {isa = PBXFileReference; lastKnownFileType = sourcecode.swift; path = BillEvalView.swift; sourceTree = "<group>"; };
		D82B6FF53C985F3570C022F3 /* ReceiptDrop.entitlements */ = {isa = PBXFileReference; lastKnownFileType = text.plist.entitlements; path = ReceiptDrop.entitlements; sourceTree = "<group>"; };
		E03258CA24E3618F36E11AE7 /* BillCaptureView.swift */ = {isa = PBXFileReference; lastKnownFileType = sourcecode.swift; path = BillCaptureView.swift; sourceTree = "<group>"; };
		E09FF1A61ACC24D913C73900 /* ReceiptAmountDetector.swift */ = {isa = PBXFileReference; lastKnownFileType = sourcecode.swift; path = ReceiptAmountDetector.swift; sourceTree = "<group>"; };
		E2941693C5D3EECC412C2593 /* AppConstants.swift */ = {isa = PBXFileReference; lastKnownFileType = sourcecode.swift; path = AppConstants.swift; sourceTree = "<group>"; };
		E32F2DD659E3FF9FED54431B /* AutoBackupService.swift */ = {isa = PBXFileReference; lastKnownFileType = sourcecode.swift; path = AutoBackupService.swift; sourceTree = "<group>"; };
		E63868D8B4CCD0380B19A205 /* ManualEntryOCRPrefill.swift */ = {isa = PBXFileReference; lastKnownFileType = sourcecode.swift; path = ManualEntryOCRPrefill.swift; sourceTree = "<group>"; };
		EE72A7EE2EB472CB550F4F88 /* BillModels.swift */ = {isa = PBXFileReference; lastKnownFileType = sourcecode.swift; path = BillModels.swift; sourceTree = "<group>"; };
		EE82950D18F3776A7AFFCC5B /* DuplicateReviewView.swift */ = {isa = PBXFileReference; lastKnownFileType = sourcecode.swift; path = DuplicateReviewView.swift; sourceTree = "<group>"; };
		FE989CFC7987A552BBCBBB3D /* SettingsInfoLink.swift */ = {isa = PBXFileReference; lastKnownFileType = sourcecode.swift; path = SettingsInfoLink.swift; sourceTree = "<group>"; };
/* End PBXFileReference section */

/* Begin PBXGroup section */
		6CD442EA577FD2892FF72245 /* Products */ = {
			isa = PBXGroup;
			children = (
				9E9676D03C5C8CD8922DCCCB /* ReceiptDrop.app */,
				4538142851698631A6AF89CF /* ReceiptDropTests.xctest */,
				24F99E4477C2AFEDD8DC698B /* ShareExtension.appex */,
			);
			name = Products;
			sourceTree = "<group>";
		};
		99773B09C0189DAC4C6AAD78 /* ReceiptDropTests */ = {
			isa = PBXGroup;
			children = (
				D82667C9734EE81639DE44B9 /* AttachmentThumbnailTests.swift */,
				974E714CBE6D526E00CE9477 /* ExtractionFailureClassTests.swift */,
				35A1A78E48AAD20590B47E39 /* ExtractionLogicTests.swift */,
				ACF73882CBDC5F84C48D9030 /* ExtractionSettingsOverrideTests.swift */,
				692D7F4C89AC5761011D00F8 /* LocalReceiptStoreTests.swift */,
				1E9F98C3A8C057A179F0CBE1 /* ManualEntryOCRPrefillTests.swift */,
			);
			path = ReceiptDropTests;
			sourceTree = "<group>";
		};
		A3B0FC30822C22529DBBE8F8 /* ShareExtension */ = {
			isa = PBXGroup;
			children = (
				116177924FC505B45B86141A /* ExtensionBatchSubmitView.swift */,
				096738F483C15B82B353EC44 /* Info.plist */,
				A390548284FDD4A341F7ABF5 /* ShareExtension.entitlements */,
				D65E49DF78FE2F53DF54D1FB /* ShareSheetView.swift */,
				1A93982D67223B82A377969E /* ShareViewController.swift */,
			);
			path = ShareExtension;
			sourceTree = "<group>";
		};
		A89798D37D65AA8A1ADB81E3 = {
			isa = PBXGroup;
			children = (
				D8607A85D586C1E1A625313F /* ReceiptDrop */,
				99773B09C0189DAC4C6AAD78 /* ReceiptDropTests */,
				CE83CD9A3D49B6FB64882F6E /* Shared */,
				A3B0FC30822C22529DBBE8F8 /* ShareExtension */,
				6CD442EA577FD2892FF72245 /* Products */,
			);
			sourceTree = "<group>";
		};
		CE83CD9A3D49B6FB64882F6E /* Shared */ = {
			isa = PBXGroup;
			children = (
				07BDF38B71C73D066236EEB8 /* AdaptiveCategoryPickerStyle.swift */,
				BB36EA362AA135F1B51EA904 /* APIKeyTester.swift */,
				E2941693C5D3EECC412C2593 /* AppConstants.swift */,
				75F1DCAB3A0B8F31D59D2036 /* AppCurrency.swift */,
				65429EAA84DE433AE5FE8369 /* AppTextSize.swift */,
				D722E73BC9D30041753EE54E /* AttachmentThumbnail.swift */,
				0D8C1B2CC52448F9E1515329 /* AzureDocumentIntelligenceService.swift */,
				5B5CC0C2403B122863DCF1E3 /* BatchReceiptSubmitView.swift */,
				50557937A6FFA7EE5E0A83CD /* BatchSubmissionRunner.swift */,
				525C3226B85E765DA6EC3B6C /* BillEvalHarness.swift */,
				59F671CC05560D0329CB8D2F /* BillItemizationService.swift */,
				EE72A7EE2EB472CB550F4F88 /* BillModels.swift */,
				86442B7A67FF10D3BC18F73F /* BillPhotoViewerView.swift */,
				CF380D2280F12372F67471C0 /* CategoryDeleteService.swift */,
				B53F75D6339B27D330F62AF5 /* CategoryMergeService.swift */,
				069D9E5F65259C3310655504 /* CategoryRenameService.swift */,
				820F21560AF35EFF72979693 /* CategoryStore.swift */,
				A7730A1380B462CC48DB1C5E /* ClaudeService.swift */,
				821135EAEB594F15E8ECCC57 /* DuplicateDetectionService.swift */,
				874DB9B5F6B131E4EF1B14AB /* FoundationModelsService.swift */,
				86375C2C83E8E61C3F858C9B /* KeychainHelper.swift */,
				6327AB2F8D8F5AB6B0134013 /* LocalReceiptStore.swift */,
				E63868D8B4CCD0380B19A205 /* ManualEntryOCRPrefill.swift */,
				963BBE1D80A49FFD5690A813 /* PendingSubmissionProcessor.swift */,
				4C55D1066ECBE9ED09826A40 /* QuickSendContactStore.swift */,
				E09FF1A61ACC24D913C73900 /* ReceiptAmountDetector.swift */,
				6EE145F3A4C712818F908A82 /* ReceiptCropService.swift */,
				2079E5EC54AC037758908FF5 /* ReceiptDateDetector.swift */,
				2BEF39ED2BA4CEDA82883A16 /* ReceiptModels.swift */,
				67FFC883FACA1C7CB131B716 /* ReceiptSubmitView.swift */,
				FE989CFC7987A552BBCBBB3D /* SettingsInfoLink.swift */,
				C122E6E29AE0F7137A22889C /* SubmissionPipeline.swift */,
				57FF61EB58699460FE16D612 /* SubmissionStore.swift */,
				0BF53CB390C89FC9984BDC13 /* TorchPreferenceStore.swift */,
			);
			path = Shared;
			sourceTree = "<group>";
		};
		D8607A85D586C1E1A625313F /* ReceiptDrop */ = {
			isa = PBXGroup;
			children = (
				2BA4083781DB6C6A6F55D792 /* Assets.xcassets */,
				E32F2DD659E3FF9FED54431B /* AutoBackupService.swift */,
				E03258CA24E3618F36E11AE7 /* BillCaptureView.swift */,
				D7CE5CF9262C43188D5295AB /* BillEvalView.swift */,
				CEC8FCD6E9B669200EEEC134 /* BillReviewView.swift */,
				40594EEE43B6E118DC837A56 /* CategoriesView.swift */,
				3B5E0049BD90BDFDE54268AE /* ConnectAIView.swift */,
				6CEFB96E5673FBC20796DFAE /* ContentView.swift */,
				EE82950D18F3776A7AFFCC5B /* DuplicateReviewView.swift */,
				2487A2052B551FC00FDF8D17 /* EditReceiptView.swift */,
				3126EACE7989CA12C3083A98 /* Info.plist */,
				5CFF6F9F94C524551A1A7102 /* InsightsView.swift */,
				B105A03343BABE54825F3461 /* LiveTextScannerView.swift */,
				95B580A99D583CAAF76374FD /* ManualReceiptEntryView.swift */,
				21D87B0E04C004C048B153C0 /* NewReceiptView.swift */,
				D82B6FF53C985F3570C022F3 /* ReceiptDrop.entitlements */,
				399D1B3777B6FF27E193E2F1 /* ReceiptDropApp.swift */,
				A9E51159281ABA1A7AF432D8 /* ReceiptPreviewView.swift */,
				54DEA5E5F2DDE4AC17C77C9D /* ReceiptsView.swift */,
				7B3295A349899BF8290F0B97 /* ScannedTextSubmitView.swift */,
				60DE60441FC6CA5A44E28DEF /* SettingsView.swift */,
				6B9C7F659B17F23A554F8347 /* SpendingInsightsService.swift */,
				3363F7383B194313AE1C80FF /* Theme.swift */,
			);
			path = ReceiptDrop;
			sourceTree = "<group>";
		};
/* End PBXGroup section */

/* Begin PBXNativeTarget section */
		61F0F3CB407B00DBD4E8AC86 /* ShareExtension */ = {
			isa = PBXNativeTarget;
			buildConfigurationList = B804EECD14840C53D6CC59DD /* Build configuration list for PBXNativeTarget "ShareExtension" */;
			buildPhases = (
				088531336455856D17EFF4F6 /* Sources */,
			);
			buildRules = (
			);
			dependencies = (
			);
			name = ShareExtension;
			packageProductDependencies = (
			);
			productName = ShareExtension;
			productReference = 24F99E4477C2AFEDD8DC698B /* ShareExtension.appex */;
			productType = "com.apple.product-type.app-extension";
		};
		EDB1BC7D2E66F8679AE7B177 /* ReceiptDrop */ = {
			isa = PBXNativeTarget;
			buildConfigurationList = 7F27E6946A43E82D1773ECA1 /* Build configuration list for PBXNativeTarget "ReceiptDrop" */;
			buildPhases = (
				07CA6B8768EF097C0DD41551 /* Sources */,
				0436EAEC8BAFD33B36EEB1D7 /* Resources */,
				A67A5B7F658D7CFB08E3FB0D /* Embed Foundation Extensions */,
			);
			buildRules = (
			);
			dependencies = (
				458F1D5717A650416028F185 /* PBXTargetDependency */,
			);
			name = ReceiptDrop;
			packageProductDependencies = (
			);
			productName = ReceiptDrop;
			productReference = 9E9676D03C5C8CD8922DCCCB /* ReceiptDrop.app */;
			productType = "com.apple.product-type.application";
		};
		FF22A7E33630F2EC577F8F9A /* ReceiptDropTests */ = {
			isa = PBXNativeTarget;
			buildConfigurationList = F03C7BFC95DF625A3B4F5804 /* Build configuration list for PBXNativeTarget "ReceiptDropTests" */;
			buildPhases = (
				FB7E6EF5D9E40A7CF85D2C92 /* Sources */,
			);
			buildRules = (
			);
			dependencies = (
				0B3EAA1E8DC86AB6328F468D /* PBXTargetDependency */,
			);
			name = ReceiptDropTests;
			packageProductDependencies = (
			);
			productName = ReceiptDropTests;
			productReference = 4538142851698631A6AF89CF /* ReceiptDropTests.xctest */;
			productType = "com.apple.product-type.bundle.unit-test";
		};
/* End PBXNativeTarget section */

/* Begin PBXProject section */
		6AA8498808D7803F5B7DEBD8 /* Project object */ = {
			isa = PBXProject;
			attributes = {
				BuildIndependentTargetsInParallel = YES;
				LastUpgradeCheck = 1430;
				TargetAttributes = {
					61F0F3CB407B00DBD4E8AC86 = {
						DevelopmentTeam = 9QPSF3ZB76;
						ProvisioningStyle = Automatic;
					};
					EDB1BC7D2E66F8679AE7B177 = {
						DevelopmentTeam = 9QPSF3ZB76;
						ProvisioningStyle = Automatic;
					};
					FF22A7E33630F2EC577F8F9A = {
						DevelopmentTeam = 9QPSF3ZB76;
						ProvisioningStyle = Automatic;
					};
				};
			};
			buildConfigurationList = 42022B79418640C684641B2A /* Build configuration list for PBXProject "ReceiptDrop" */;
			developmentRegion = en;
			hasScannedForEncodings = 0;
			knownRegions = (
				Base,
				en,
			);
			mainGroup = A89798D37D65AA8A1ADB81E3;
			minimizedProjectReferenceProxies = 1;
			preferredProjectObjectVersion = 77;
			productRefGroup = 6CD442EA577FD2892FF72245 /* Products */;
			projectDirPath = "";
			projectRoot = "";
			targets = (
				EDB1BC7D2E66F8679AE7B177 /* ReceiptDrop */,
				FF22A7E33630F2EC577F8F9A /* ReceiptDropTests */,
				61F0F3CB407B00DBD4E8AC86 /* ShareExtension */,
			);
		};
/* End PBXProject section */

/* Begin PBXResourcesBuildPhase section */
		0436EAEC8BAFD33B36EEB1D7 /* Resources */ = {
			isa = PBXResourcesBuildPhase;
			buildActionMask = 2147483647;
			files = (
				40103CE18DB63CAEC200FC8E /* Assets.xcassets in Resources */,
			);
			runOnlyForDeploymentPostprocessing = 0;
		};
/* End PBXResourcesBuildPhase section */

/* Begin PBXSourcesBuildPhase section */
		07CA6B8768EF097C0DD41551 /* Sources */ = {
			isa = PBXSourcesBuildPhase;
			buildActionMask = 2147483647;
			files = (
				1BEBCD8888AB65FF0B4D5827 /* APIKeyTester.swift in Sources */,
				96C6718D9DF2BB43D9402C98 /* AdaptiveCategoryPickerStyle.swift in Sources */,
				7BEB3A1247963FEF61B950FE /* AppConstants.swift in Sources */,
				71CCDF38BD3109B77E790035 /* AppCurrency.swift in Sources */,
				A933026D14369CB556BD7573 /* AppTextSize.swift in Sources */,
				16A31AF37D41B42F94982675 /* AutoBackupService.swift in Sources */,
				AF51CE58E080EC951A7EF3BE /* AttachmentThumbnail.swift in Sources */,
				E7AED0646507150C7FAAFA65 /* AzureDocumentIntelligenceService.swift in Sources */,
				1579641B6C78471A95945A1E /* BatchReceiptSubmitView.swift in Sources */,
				9B6EF7B44DF6ABBE6B508386 /* BatchSubmissionRunner.swift in Sources */,
				FF020B55A8D3676354082B92 /* BillCaptureView.swift in Sources */,
				FE5FFC1FA2508767E5C0500A /* BillEvalHarness.swift in Sources */,
				BF5C1B36744BA74AB4605245 /* BillEvalView.swift in Sources */,
				22D8A781125DF11A585649F7 /* BillItemizationService.swift in Sources */,
				222AB11BDCCC95A76EEE9A7A /* BillModels.swift in Sources */,
				125D3BCF0814C82BF2153235 /* BillPhotoViewerView.swift in Sources */,
				10EBDAD489DA8B06819F4551 /* BillReviewView.swift in Sources */,
				CF06EAD2DC7F665E546AF5DB /* CategoriesView.swift in Sources */,
				47A99C2F4083B3B48436F481 /* CategoryDeleteService.swift in Sources */,
				38789BB5235E9A416422F54C /* CategoryMergeService.swift in Sources */,
				A674F3ACE99C34781C6FEC45 /* CategoryRenameService.swift in Sources */,
				A76915423C9B86D56642BCC6 /* CategoryStore.swift in Sources */,
				48B4716DBEE24027E4094340 /* ClaudeService.swift in Sources */,
				58168498563928C083F7B003 /* ConnectAIView.swift in Sources */,
				C4F8FCDA1B735A3B5E8B03A7 /* ContentView.swift in Sources */,
				12E106F5E07CA03FD1D96A9D /* DuplicateDetectionService.swift in Sources */,
				B1A7EBA870C0366E61928410 /* DuplicateReviewView.swift in Sources */,
				986877CE36E68C3BF767AAD1 /* EditReceiptView.swift in Sources */,
				308E182BEAEFEEB3A2BB9BD7 /* FoundationModelsService.swift in Sources */,
				F3BF161A4231487C54B8DB46 /* InsightsView.swift in Sources */,
				989C15E2F6780A8C9541AE6B /* KeychainHelper.swift in Sources */,
				31E47729BD1490BD30CC4104 /* LiveTextScannerView.swift in Sources */,
				379E0098262BB5CF0E978D5D /* LocalReceiptStore.swift in Sources */,
				CFE53FAC67791495F8559F49 /* ManualEntryOCRPrefill.swift in Sources */,
				D3368E8055B39FE47AA6A0A5 /* ManualReceiptEntryView.swift in Sources */,
				CF5DC508A191029FC0DEA65B /* NewReceiptView.swift in Sources */,
				D17272B0870CEF10FAE38E2E /* PendingSubmissionProcessor.swift in Sources */,
				FEE021180D225DB68B1FCF3D /* QuickSendContactStore.swift in Sources */,
				144D08E0FF0AFFC096A58B8E /* ReceiptAmountDetector.swift in Sources */,
				674FAF45C59E0A1ECCE520AA /* ReceiptCropService.swift in Sources */,
				A24E47ED8C486ABC29BFD3D7 /* ReceiptDateDetector.swift in Sources */,
				209B3D7E78931388864C1CC5 /* ReceiptDropApp.swift in Sources */,
				77684F15B8C98AF84E326C8A /* ReceiptModels.swift in Sources */,
				7DA993E96E2763FBAB9BB3A0 /* ReceiptPreviewView.swift in Sources */,
				849150F0B742BED665DFDD9E /* ReceiptSubmitView.swift in Sources */,
				B1D1A4149D421F8F2BB69B12 /* ReceiptsView.swift in Sources */,
				DEF3F7AFC83A15F5A809CF52 /* ScannedTextSubmitView.swift in Sources */,
				C4E78BEADE759B3127334076 /* SettingsInfoLink.swift in Sources */,
				167A6DAFB1FCB380DC1D043D /* SettingsView.swift in Sources */,
				A138BC54F5D082BCBFFCD53F /* SpendingInsightsService.swift in Sources */,
				77B47008DA30372897F64B0C /* SubmissionPipeline.swift in Sources */,
				AE18599D98AAD1E3BB514884 /* SubmissionStore.swift in Sources */,
				F4D45048DA00D1430D6B75E3 /* Theme.swift in Sources */,
				92B9B6475BC80D6F58BD16D1 /* TorchPreferenceStore.swift in Sources */,
			);
			runOnlyForDeploymentPostprocessing = 0;
		};
		088531336455856D17EFF4F6 /* Sources */ = {
			isa = PBXSourcesBuildPhase;
			buildActionMask = 2147483647;
			files = (
				438C22CA72F62D6792A44725 /* APIKeyTester.swift in Sources */,
				5FCEF3B0A481F744472916B3 /* AdaptiveCategoryPickerStyle.swift in Sources */,
				565E406ADD2728D9A3D43D98 /* AppConstants.swift in Sources */,
				54ED10E6932E78F13E41BA9E /* AppCurrency.swift in Sources */,
				7DC9169DF1AABEE1E48F39A9 /* AppTextSize.swift in Sources */,
				7835D12D8694D1F6879E5711 /* AttachmentThumbnail.swift in Sources */,
				0A932F628E1DA811D4270E99 /* AzureDocumentIntelligenceService.swift in Sources */,
				9FFCC53F9104DE83324DD46A /* BatchReceiptSubmitView.swift in Sources */,
				401A2E4BB076015C80CB489B /* BatchSubmissionRunner.swift in Sources */,
				C32FDB83FC26419198E81434 /* BillEvalHarness.swift in Sources */,
				9BBA3B009C6F0F4AC8066DFD /* BillItemizationService.swift in Sources */,
				53A231EDE5EC0E17EDAF8BC0 /* BillModels.swift in Sources */,
				33B67E5A8F3C95456C1D3091 /* BillPhotoViewerView.swift in Sources */,
				22031BFF337270977E620A55 /* CategoryDeleteService.swift in Sources */,
				7A5B93EE1382D214EF45A12F /* CategoryMergeService.swift in Sources */,
				C8788FFE4E479DE4B65B431B /* CategoryRenameService.swift in Sources */,
				91B1D508C2908A0EB0045532 /* CategoryStore.swift in Sources */,
				2CAE2204791C62216D81F2DE /* ClaudeService.swift in Sources */,
				B2B5F969AB26FADF24B4F76C /* DuplicateDetectionService.swift in Sources */,
				9CD3681D099FDCFD5B144C4C /* ExtensionBatchSubmitView.swift in Sources */,
				47A0F236D3B5AA0B3B86D7B1 /* FoundationModelsService.swift in Sources */,
				C2D72AFC0FBB745AFE861F5D /* KeychainHelper.swift in Sources */,
				D1BAED8453DC3C6D5675D660 /* LocalReceiptStore.swift in Sources */,
				B5C60B32F4136D0847F2AE4D /* ManualEntryOCRPrefill.swift in Sources */,
				8993C405D307C9986F22BE26 /* PendingSubmissionProcessor.swift in Sources */,
				0369C28D357DC89548A9CF71 /* QuickSendContactStore.swift in Sources */,
				8D9FC56A37C5FD5F392B6BCA /* ReceiptAmountDetector.swift in Sources */,
				DC2AEFBDB10450622ED9569E /* ReceiptCropService.swift in Sources */,
				00B6687EE07E1D652C3B3F18 /* ReceiptDateDetector.swift in Sources */,
				ADDC7BC434839EA099ADC4D5 /* ReceiptModels.swift in Sources */,
				B311E2C1168EE57DB4DE55D2 /* ReceiptSubmitView.swift in Sources */,
				E520FAD5D609E53E000FD1CA /* SettingsInfoLink.swift in Sources */,
				0357085443A9651EF4E77F6E /* ShareSheetView.swift in Sources */,
				D103EE8EA7FB89F874E54221 /* ShareViewController.swift in Sources */,
				BF823103E7489F33241DBF6A /* SubmissionPipeline.swift in Sources */,
				54EBDEACA67CDD0340D4C3E1 /* SubmissionStore.swift in Sources */,
				2758563DD364D2869806A2C4 /* TorchPreferenceStore.swift in Sources */,
			);
			runOnlyForDeploymentPostprocessing = 0;
		};
		FB7E6EF5D9E40A7CF85D2C92 /* Sources */ = {
			isa = PBXSourcesBuildPhase;
			buildActionMask = 2147483647;
			files = (
				1D9C132860E3197FD85C93C1 /* AttachmentThumbnailTests.swift in Sources */,
				8F48CC0DC6C42F2C928F1C82 /* ExtractionFailureClassTests.swift in Sources */,
				E1B43E5E39B38CC08C3A7824 /* ExtractionLogicTests.swift in Sources */,
				9D8CFA582B47C35EB43B1CDC /* ExtractionSettingsOverrideTests.swift in Sources */,
				94C1488C8061205BFD249837 /* LocalReceiptStoreTests.swift in Sources */,
				F210E6892B5CEBFAC855857E /* ManualEntryOCRPrefillTests.swift in Sources */,
			);
			runOnlyForDeploymentPostprocessing = 0;
		};
/* End PBXSourcesBuildPhase section */

/* Begin PBXTargetDependency section */
		0B3EAA1E8DC86AB6328F468D /* PBXTargetDependency */ = {
			isa = PBXTargetDependency;
			target = EDB1BC7D2E66F8679AE7B177 /* ReceiptDrop */;
			targetProxy = FBD703EC8ADBB0AC8AB6836E /* PBXContainerItemProxy */;
		};
		458F1D5717A650416028F185 /* PBXTargetDependency */ = {
			isa = PBXTargetDependency;
			target = 61F0F3CB407B00DBD4E8AC86 /* ShareExtension */;
			targetProxy = FC41CCFD59A03FFEE7C9697C /* PBXContainerItemProxy */;
		};
/* End PBXTargetDependency section */

/* Begin XCBuildConfiguration section */
		11F0140B34B91F1D2A9931A6 /* Release */ = {
			isa = XCBuildConfiguration;
			buildSettings = {
				BUNDLE_LOADER = "$(TEST_HOST)";
				GENERATE_INFOPLIST_FILE = YES;
				LD_RUNPATH_SEARCH_PATHS = (
					"$(inherited)",
					"@executable_path/Frameworks",
					"@loader_path/Frameworks",
				);
				PRODUCT_BUNDLE_IDENTIFIER = com.datatechnologygroup.receipts4tax.tests;
				SDKROOT = iphoneos;
				TARGETED_DEVICE_FAMILY = "1,2";
				TEST_HOST = "$(BUILT_PRODUCTS_DIR)/ReceiptDrop.app/ReceiptDrop";
			};
			name = Release;
		};
		35815F423041FAAC0A0734D9 /* Debug */ = {
			isa = XCBuildConfiguration;
			buildSettings = {
				CODE_SIGN_ENTITLEMENTS = ShareExtension/ShareExtension.entitlements;
				INFOPLIST_FILE = ShareExtension/Info.plist;
				LD_RUNPATH_SEARCH_PATHS = (
					"$(inherited)",
					"@executable_path/Frameworks",
					"@executable_path/../../Frameworks",
				);
				PRODUCT_BUNDLE_IDENTIFIER = com.datatechnologygroup.receipts4tax.share;
				SDKROOT = iphoneos;
				TARGETED_DEVICE_FAMILY = "1,2";
			};
			name = Debug;
		};
		3D84E33E934CA51F832A6B80 /* Release */ = {
			isa = XCBuildConfiguration;
			buildSettings = {
				CODE_SIGN_ENTITLEMENTS = ShareExtension/ShareExtension.entitlements;
				INFOPLIST_FILE = ShareExtension/Info.plist;
				LD_RUNPATH_SEARCH_PATHS = (
					"$(inherited)",
					"@executable_path/Frameworks",
					"@executable_path/../../Frameworks",
				);
				PRODUCT_BUNDLE_IDENTIFIER = com.datatechnologygroup.receipts4tax.share;
				SDKROOT = iphoneos;
				TARGETED_DEVICE_FAMILY = "1,2";
			};
			name = Release;
		};
		8106DD3B62CF106CD0D134BD /* Debug */ = {
			isa = XCBuildConfiguration;
			buildSettings = {
				ALWAYS_SEARCH_USER_PATHS = NO;
				CLANG_ANALYZER_NONNULL = YES;
				CLANG_ANALYZER_NUMBER_OBJECT_CONVERSION = YES_AGGRESSIVE;
				CLANG_CXX_LANGUAGE_STANDARD = "gnu++14";
				CLANG_CXX_LIBRARY = "libc++";
				CLANG_ENABLE_MODULES = YES;
				CLANG_ENABLE_OBJC_ARC = YES;
				CLANG_ENABLE_OBJC_WEAK = YES;
				CLANG_WARN_BLOCK_CAPTURE_AUTORELEASING = YES;
				CLANG_WARN_BOOL_CONVERSION = YES;
				CLANG_WARN_COMMA = YES;
				CLANG_WARN_CONSTANT_CONVERSION = YES;
				CLANG_WARN_DEPRECATED_OBJC_IMPLEMENTATIONS = YES;
				CLANG_WARN_DIRECT_OBJC_ISA_USAGE = YES_ERROR;
				CLANG_WARN_DOCUMENTATION_COMMENTS = YES;
				CLANG_WARN_EMPTY_BODY = YES;
				CLANG_WARN_ENUM_CONVERSION = YES;
				CLANG_WARN_INFINITE_RECURSION = YES;
				CLANG_WARN_INT_CONVERSION = YES;
				CLANG_WARN_NON_LITERAL_NULL_CONVERSION = YES;
				CLANG_WARN_OBJC_IMPLICIT_RETAIN_SELF = YES;
				CLANG_WARN_OBJC_LITERAL_CONVERSION = YES;
				CLANG_WARN_OBJC_ROOT_CLASS = YES_ERROR;
				CLANG_WARN_QUOTED_INCLUDE_IN_FRAMEWORK_HEADER = YES;
				CLANG_WARN_RANGE_LOOP_ANALYSIS = YES;
				CLANG_WARN_STRICT_PROTOTYPES = YES;
				CLANG_WARN_SUSPICIOUS_MOVE = YES;
				CLANG_WARN_UNGUARDED_AVAILABILITY = YES_AGGRESSIVE;
				CLANG_WARN_UNREACHABLE_CODE = YES;
				CLANG_WARN__DUPLICATE_METHOD_MATCH = YES;
				CODE_SIGN_STYLE = Automatic;
				COPY_PHASE_STRIP = NO;
				DEBUG_INFORMATION_FORMAT = dwarf;
				DEVELOPMENT_TEAM = 9QPSF3ZB76;
				ENABLE_STRICT_OBJC_MSGSEND = YES;
				ENABLE_TESTABILITY = YES;
				GCC_C_LANGUAGE_STANDARD = gnu11;
				GCC_DYNAMIC_NO_PIC = NO;
				GCC_NO_COMMON_BLOCKS = YES;
				GCC_OPTIMIZATION_LEVEL = 0;
				GCC_PREPROCESSOR_DEFINITIONS = (
					"$(inherited)",
					"DEBUG=1",
				);
				GCC_WARN_64_TO_32_BIT_CONVERSION = YES;
				GCC_WARN_ABOUT_RETURN_TYPE = YES_ERROR;
				GCC_WARN_UNDECLARED_SELECTOR = YES;
				GCC_WARN_UNINITIALIZED_AUTOS = YES_AGGRESSIVE;
				GCC_WARN_UNUSED_FUNCTION = YES;
				GCC_WARN_UNUSED_VARIABLE = YES;
				IPHONEOS_DEPLOYMENT_TARGET = 16.0;
				MTL_ENABLE_DEBUG_INFO = INCLUDE_SOURCE;
				MTL_FAST_MATH = YES;
				ONLY_ACTIVE_ARCH = YES;
				PRODUCT_NAME = "$(TARGET_NAME)";
				SDKROOT = iphoneos;
				SWIFT_ACTIVE_COMPILATION_CONDITIONS = DEBUG;
				SWIFT_OPTIMIZATION_LEVEL = "-Onone";
				SWIFT_VERSION = 5.9;
			};
			name = Debug;
		};
		8C41B071E103F314483DC31A /* Debug */ = {
			isa = XCBuildConfiguration;
			buildSettings = {
				ASSETCATALOG_COMPILER_APPICON_NAME = AppIcon;
				CODE_SIGN_ENTITLEMENTS = ReceiptDrop/ReceiptDrop.entitlements;
				CODE_SIGN_IDENTITY = "iPhone Developer";
				INFOPLIST_FILE = ReceiptDrop/Info.plist;
				INFOPLIST_KEY_UILaunchScreen_Generation = YES;
				LD_RUNPATH_SEARCH_PATHS = (
					"$(inherited)",
					"@executable_path/Frameworks",
				);
				PRODUCT_BUNDLE_IDENTIFIER = com.datatechnologygroup.receipts4tax;
				SDKROOT = iphoneos;
				TARGETED_DEVICE_FAMILY = "1,2";
			};
			name = Debug;
		};
		906391EFFC70E6A31D680FD2 /* Release */ = {
			isa = XCBuildConfiguration;
			buildSettings = {
				ASSETCATALOG_COMPILER_APPICON_NAME = AppIcon;
				CODE_SIGN_ENTITLEMENTS = ReceiptDrop/ReceiptDrop.entitlements;
				CODE_SIGN_IDENTITY = "iPhone Developer";
				INFOPLIST_FILE = ReceiptDrop/Info.plist;
				INFOPLIST_KEY_UILaunchScreen_Generation = YES;
				LD_RUNPATH_SEARCH_PATHS = (
					"$(inherited)",
					"@executable_path/Frameworks",
				);
				PRODUCT_BUNDLE_IDENTIFIER = com.datatechnologygroup.receipts4tax;
				SDKROOT = iphoneos;
				TARGETED_DEVICE_FAMILY = "1,2";
			};
			name = Release;
		};
		9A3ABE231D6AFC90F6BF75B5 /* Release */ = {
			isa = XCBuildConfiguration;
			buildSettings = {
				ALWAYS_SEARCH_USER_PATHS = NO;
				CLANG_ANALYZER_NONNULL = YES;
				CLANG_ANALYZER_NUMBER_OBJECT_CONVERSION = YES_AGGRESSIVE;
				CLANG_CXX_LANGUAGE_STANDARD = "gnu++14";
				CLANG_CXX_LIBRARY = "libc++";
				CLANG_ENABLE_MODULES = YES;
				CLANG_ENABLE_OBJC_ARC = YES;
				CLANG_ENABLE_OBJC_WEAK = YES;
				CLANG_WARN_BLOCK_CAPTURE_AUTORELEASING = YES;
				CLANG_WARN_BOOL_CONVERSION = YES;
				CLANG_WARN_COMMA = YES;
				CLANG_WARN_CONSTANT_CONVERSION = YES;
				CLANG_WARN_DEPRECATED_OBJC_IMPLEMENTATIONS = YES;
				CLANG_WARN_DIRECT_OBJC_ISA_USAGE = YES_ERROR;
				CLANG_WARN_DOCUMENTATION_COMMENTS = YES;
				CLANG_WARN_EMPTY_BODY = YES;
				CLANG_WARN_ENUM_CONVERSION = YES;
				CLANG_WARN_INFINITE_RECURSION = YES;
				CLANG_WARN_INT_CONVERSION = YES;
				CLANG_WARN_NON_LITERAL_NULL_CONVERSION = YES;
				CLANG_WARN_OBJC_IMPLICIT_RETAIN_SELF = YES;
				CLANG_WARN_OBJC_LITERAL_CONVERSION = YES;
				CLANG_WARN_OBJC_ROOT_CLASS = YES_ERROR;
				CLANG_WARN_QUOTED_INCLUDE_IN_FRAMEWORK_HEADER = YES;
				CLANG_WARN_RANGE_LOOP_ANALYSIS = YES;
				CLANG_WARN_STRICT_PROTOTYPES = YES;
				CLANG_WARN_SUSPICIOUS_MOVE = YES;
				CLANG_WARN_UNGUARDED_AVAILABILITY = YES_AGGRESSIVE;
				CLANG_WARN_UNREACHABLE_CODE = YES;
				CLANG_WARN__DUPLICATE_METHOD_MATCH = YES;
				CODE_SIGN_STYLE = Automatic;
				COPY_PHASE_STRIP = NO;
				DEBUG_INFORMATION_FORMAT = "dwarf-with-dsym";
				DEVELOPMENT_TEAM = 9QPSF3ZB76;
				ENABLE_NS_ASSERTIONS = NO;
				ENABLE_STRICT_OBJC_MSGSEND = YES;
				GCC_C_LANGUAGE_STANDARD = gnu11;
				GCC_NO_COMMON_BLOCKS = YES;
				GCC_WARN_64_TO_32_BIT_CONVERSION = YES;
				GCC_WARN_ABOUT_RETURN_TYPE = YES_ERROR;
				GCC_WARN_UNDECLARED_SELECTOR = YES;
				GCC_WARN_UNINITIALIZED_AUTOS = YES_AGGRESSIVE;
				GCC_WARN_UNUSED_FUNCTION = YES;
				GCC_WARN_UNUSED_VARIABLE = YES;
				IPHONEOS_DEPLOYMENT_TARGET = 16.0;
				MTL_ENABLE_DEBUG_INFO = NO;
				MTL_FAST_MATH = YES;
				PRODUCT_NAME = "$(TARGET_NAME)";
				SDKROOT = iphoneos;
				SWIFT_COMPILATION_MODE = wholemodule;
				SWIFT_OPTIMIZATION_LEVEL = "-O";
				SWIFT_VERSION = 5.9;
			};
			name = Release;
		};
		B67B1B294C58BEEC7DE66EC0 /* Debug */ = {
			isa = XCBuildConfiguration;
			buildSettings = {
				BUNDLE_LOADER = "$(TEST_HOST)";
				GENERATE_INFOPLIST_FILE = YES;
				LD_RUNPATH_SEARCH_PATHS = (
					"$(inherited)",
					"@executable_path/Frameworks",
					"@loader_path/Frameworks",
				);
				PRODUCT_BUNDLE_IDENTIFIER = com.datatechnologygroup.receipts4tax.tests;
				SDKROOT = iphoneos;
				TARGETED_DEVICE_FAMILY = "1,2";
				TEST_HOST = "$(BUILT_PRODUCTS_DIR)/ReceiptDrop.app/ReceiptDrop";
			};
			name = Debug;
		};
/* End XCBuildConfiguration section */

/* Begin XCConfigurationList section */
		42022B79418640C684641B2A /* Build configuration list for PBXProject "ReceiptDrop" */ = {
			isa = XCConfigurationList;
			buildConfigurations = (
				8106DD3B62CF106CD0D134BD /* Debug */,
				9A3ABE231D6AFC90F6BF75B5 /* Release */,
			);
			defaultConfigurationIsVisible = 0;
			defaultConfigurationName = Debug;
		};
		7F27E6946A43E82D1773ECA1 /* Build configuration list for PBXNativeTarget "ReceiptDrop" */ = {
			isa = XCConfigurationList;
			buildConfigurations = (
				8C41B071E103F314483DC31A /* Debug */,
				906391EFFC70E6A31D680FD2 /* Release */,
			);
			defaultConfigurationIsVisible = 0;
			defaultConfigurationName = Debug;
		};
		B804EECD14840C53D6CC59DD /* Build configuration list for PBXNativeTarget "ShareExtension" */ = {
			isa = XCConfigurationList;
			buildConfigurations = (
				35815F423041FAAC0A0734D9 /* Debug */,
				3D84E33E934CA51F832A6B80 /* Release */,
			);
			defaultConfigurationIsVisible = 0;
			defaultConfigurationName = Debug;
		};
		F03C7BFC95DF625A3B4F5804 /* Build configuration list for PBXNativeTarget "ReceiptDropTests" */ = {
			isa = XCConfigurationList;
			buildConfigurations = (
				B67B1B294C58BEEC7DE66EC0 /* Debug */,
				11F0140B34B91F1D2A9931A6 /* Release */,
			);
			defaultConfigurationIsVisible = 0;
			defaultConfigurationName = Debug;
		};
/* End XCConfigurationList section */
	};
	rootObject = 6AA8498808D7803F5B7DEBD8 /* Project object */;
}
