// !$*UTF8*$!
{
	archiveVersion = 1;
	classes = {
	};
	objectVersion = 56;
	objects = {

/* Begin PBXBuildFile section */
		0357085443A9651EF4E77F6E /* ShareSheetView.swift in Sources */ = {isa = PBXBuildFile; fileRef = D65E49DF78FE2F53DF54D1FB /* ShareSheetView.swift */; };
		167A6DAFB1FCB380DC1D043D /* SettingsView.swift in Sources */ = {isa = PBXBuildFile; fileRef = 60DE60441FC6CA5A44E28DEF /* SettingsView.swift */; };
		209B3D7E78931388864C1CC5 /* ReceiptDropApp.swift in Sources */ = {isa = PBXBuildFile; fileRef = 399D1B3777B6FF27E193E2F1 /* ReceiptDropApp.swift */; };
		2CAE2204791C62216D81F2DE /* ClaudeService.swift in Sources */ = {isa = PBXBuildFile; fileRef = A7730A1380B462CC48DB1C5E /* ClaudeService.swift */; };
		31E47729BD1490BD30CC4104 /* LiveTextScannerView.swift in Sources */ = {isa = PBXBuildFile; fileRef = B105A03343BABE54825F3461 /* LiveTextScannerView.swift */; };
		379E0098262BB5CF0E978D5D /* LocalReceiptStore.swift in Sources */ = {isa = PBXBuildFile; fileRef = 6327AB2F8D8F5AB6B0134013 /* LocalReceiptStore.swift */; };
		40103CE18DB63CAEC200FC8E /* Assets.xcassets in Resources */ = {isa = PBXBuildFile; fileRef = 2BA4083781DB6C6A6F55D792 /* Assets.xcassets */; };
		48B4716DBEE24027E4094340 /* ClaudeService.swift in Sources */ = {isa = PBXBuildFile; fileRef = A7730A1380B462CC48DB1C5E /* ClaudeService.swift */; };
		54EBDEACA67CDD0340D4C3E1 /* SubmissionStore.swift in Sources */ = {isa = PBXBuildFile; fileRef = 57FF61EB58699460FE16D612 /* SubmissionStore.swift */; };
		565E406ADD2728D9A3D43D98 /* AppConstants.swift in Sources */ = {isa = PBXBuildFile; fileRef = E2941693C5D3EECC412C2593 /* AppConstants.swift */; };
		77684F15B8C98AF84E326C8A /* ReceiptModels.swift in Sources */ = {isa = PBXBuildFile; fileRef = 2BEF39ED2BA4CEDA82883A16 /* ReceiptModels.swift */; };
		77B47008DA30372897F64B0C /* SubmissionPipeline.swift in Sources */ = {isa = PBXBuildFile; fileRef = C122E6E29AE0F7137A22889C /* SubmissionPipeline.swift */; };
		7BEB3A1247963FEF61B950FE /* AppConstants.swift in Sources */ = {isa = PBXBuildFile; fileRef = E2941693C5D3EECC412C2593 /* AppConstants.swift */; };
		7DA993E96E2763FBAB9BB3A0 /* ReceiptPreviewView.swift in Sources */ = {isa = PBXBuildFile; fileRef = A9E51159281ABA1A7AF432D8 /* ReceiptPreviewView.swift */; };
		849150F0B742BED665DFDD9E /* ReceiptSubmitView.swift in Sources */ = {isa = PBXBuildFile; fileRef = 67FFC883FACA1C7CB131B716 /* ReceiptSubmitView.swift */; };
		91B1D508C2908A0EB0045532 /* CategoryStore.swift in Sources */ = {isa = PBXBuildFile; fileRef = 820F21560AF35EFF72979693 /* CategoryStore.swift */; };
		986877CE36E68C3BF767AAD1 /* EditReceiptView.swift in Sources */ = {isa = PBXBuildFile; fileRef = 2487A2052B551FC00FDF8D17 /* EditReceiptView.swift */; };
		989C15E2F6780A8C9541AE6B /* KeychainHelper.swift in Sources */ = {isa = PBXBuildFile; fileRef = 86375C2C83E8E61C3F858C9B /* KeychainHelper.swift */; };
		A76915423C9B86D56642BCC6 /* CategoryStore.swift in Sources */ = {isa = PBXBuildFile; fileRef = 820F21560AF35EFF72979693 /* CategoryStore.swift */; };
		ADDC7BC434839EA099ADC4D5 /* ReceiptModels.swift in Sources */ = {isa = PBXBuildFile; fileRef = 2BEF39ED2BA4CEDA82883A16 /* ReceiptModels.swift */; };
		AE18599D98AAD1E3BB514884 /* SubmissionStore.swift in Sources */ = {isa = PBXBuildFile; fileRef = 57FF61EB58699460FE16D612 /* SubmissionStore.swift */; };
		B1D1A4149D421F8F2BB69B12 /* ReceiptsView.swift in Sources */ = {isa = PBXBuildFile; fileRef = 54DEA5E5F2DDE4AC17C77C9D /* ReceiptsView.swift */; };
		B311E2C1168EE57DB4DE55D2 /* ReceiptSubmitView.swift in Sources */ = {isa = PBXBuildFile; fileRef = 67FFC883FACA1C7CB131B716 /* ReceiptSubmitView.swift */; };
		BF823103E7489F33241DBF6A /* SubmissionPipeline.swift in Sources */ = {isa = PBXBuildFile; fileRef = C122E6E29AE0F7137A22889C /* SubmissionPipeline.swift */; };
		C2D72AFC0FBB745AFE861F5D /* KeychainHelper.swift in Sources */ = {isa = PBXBuildFile; fileRef = 86375C2C83E8E61C3F858C9B /* KeychainHelper.swift */; };
		C4F8FCDA1B735A3B5E8B03A7 /* ContentView.swift in Sources */ = {isa = PBXBuildFile; fileRef = 6CEFB96E5673FBC20796DFAE /* ContentView.swift */; };
		CF06EAD2DC7F665E546AF5DB /* CategoriesView.swift in Sources */ = {isa = PBXBuildFile; fileRef = 40594EEE43B6E118DC837A56 /* CategoriesView.swift */; };
		CF5DC508A191029FC0DEA65B /* NewReceiptView.swift in Sources */ = {isa = PBXBuildFile; fileRef = 21D87B0E04C004C048B153C0 /* NewReceiptView.swift */; };
		D103EE8EA7FB89F874E54221 /* ShareViewController.swift in Sources */ = {isa = PBXBuildFile; fileRef = 1A93982D67223B82A377969E /* ShareViewController.swift */; };
		D1BAED8453DC3C6D5675D660 /* LocalReceiptStore.swift in Sources */ = {isa = PBXBuildFile; fileRef = 6327AB2F8D8F5AB6B0134013 /* LocalReceiptStore.swift */; };
		D3368E8055B39FE47AA6A0A5 /* ManualReceiptEntryView.swift in Sources */ = {isa = PBXBuildFile; fileRef = 95B580A99D583CAAF76374FD /* ManualReceiptEntryView.swift */; };
		DEF3F7AFC83A15F5A809CF52 /* ScannedTextSubmitView.swift in Sources */ = {isa = PBXBuildFile; fileRef = 7B3295A349899BF8290F0B97 /* ScannedTextSubmitView.swift */; };
		E23F74196CB32223A35D1C70 /* ShareExtension.appex in Embed Foundation Extensions */ = {isa = PBXBuildFile; fileRef = 24F99E4477C2AFEDD8DC698B /* ShareExtension.appex */; settings = {ATTRIBUTES = (RemoveHeadersOnCopy, ); }; };
		F4D45048DA00D1430D6B75E3 /* Theme.swift in Sources */ = {isa = PBXBuildFile; fileRef = 3363F7383B194313AE1C80FF /* Theme.swift */; };
/* End PBXBuildFile section */

/* Begin PBXContainerItemProxy section */
		FC41CCFD59A03FFEE7C9697C /* PBXContainerItemProxy */ = {
			isa = PBXContainerItemProxy;
			containerPortal = 6AA8498808D7803F5B7DEBD8 /* Project object */;
			proxyType = 1;
			remoteGlobalIDString = 61F0F3CB407B00DBD4E8AC86;
			remoteInfo = ShareExtension;
		};
/* End PBXContainerItemProxy section */

/* Begin PBXCopyFilesBuildPhase section */
		A67A5B7F658D7CFB08E3FB0D /* Embed Foundation Extensions */ = {
			isa = PBXCopyFilesBuildPhase;
			buildActionMask = 2147483647;
			dstPath = "";
			dstSubfolderSpec = 13;
			files = (
				E23F74196CB32223A35D1C70 /* ShareExtension.appex in Embed Foundation Extensions */,
			);
			name = "Embed Foundation Extensions";
			runOnlyForDeploymentPostprocessing = 0;
		};
/* End PBXCopyFilesBuildPhase section */

/* Begin PBXFileReference section */
		096738F483C15B82B353EC44 /* Info.plist */ = {isa = PBXFileReference; lastKnownFileType = text.plist; path = Info.plist; sourceTree = "<group>"; };
		1A93982D67223B82A377969E /* ShareViewController.swift */ = {isa = PBXFileReference; lastKnownFileType = sourcecode.swift; path = ShareViewController.swift; sourceTree = "<group>"; };
		21D87B0E04C004C048B153C0 /* NewReceiptView.swift */ = {isa = PBXFileReference; lastKnownFileType = sourcecode.swift; path = NewReceiptView.swift; sourceTree = "<group>"; };
		2487A2052B551FC00FDF8D17 /* EditReceiptView.swift */ = {isa = PBXFileReference; lastKnownFileType = sourcecode.swift; path = EditReceiptView.swift; sourceTree = "<group>"; };
		24F99E4477C2AFEDD8DC698B /* ShareExtension.appex */ = {isa = PBXFileReference; explicitFileType = "wrapper.app-extension"; includeInIndex = 0; path = ShareExtension.appex; sourceTree = BUILT_PRODUCTS_DIR; };
		2BA4083781DB6C6A6F55D792 /* Assets.xcassets */ = {isa = PBXFileReference; lastKnownFileType = folder.assetcatalog; path = Assets.xcassets; sourceTree = "<group>"; };
		2BEF39ED2BA4CEDA82883A16 /* ReceiptModels.swift */ = {isa = PBXFileReference; lastKnownFileType = sourcecode.swift; path = ReceiptModels.swift; sourceTree = "<group>"; };
		3126EACE7989CA12C3083A98 /* Info.plist */ = {isa = PBXFileReference; lastKnownFileType = text.plist; path = Info.plist; sourceTree = "<group>"; };
		3363F7383B194313AE1C80FF /* Theme.swift */ = {isa = PBXFileReference; lastKnownFileType = sourcecode.swift; path = Theme.swift; sourceTree = "<group>"; };
		399D1B3777B6FF27E193E2F1 /* ReceiptDropApp.swift */ = {isa = PBXFileReference; lastKnownFileType = sourcecode.swift; path = ReceiptDropApp.swift; sourceTree = "<group>"; };
		40594EEE43B6E118DC837A56 /* CategoriesView.swift */ = {isa = PBXFileReference; lastKnownFileType = sourcecode.swift; path = CategoriesView.swift; sourceTree = "<group>"; };
		54DEA5E5F2DDE4AC17C77C9D /* ReceiptsView.swift */ = {isa = PBXFileReference; lastKnownFileType = sourcecode.swift; path = ReceiptsView.swift; sourceTree = "<group>"; };
		57FF61EB58699460FE16D612 /* SubmissionStore.swift */ = {isa = PBXFileReference; lastKnownFileType = sourcecode.swift; path = SubmissionStore.swift; sourceTree = "<group>"; };
		60DE60441FC6CA5A44E28DEF /* SettingsView.swift */ = {isa = PBXFileReference; lastKnownFileType = sourcecode.swift; path = SettingsView.swift; sourceTree = "<group>"; };
		6327AB2F8D8F5AB6B0134013 /* LocalReceiptStore.swift */ = {isa = PBXFileReference; lastKnownFileType = sourcecode.swift; path = LocalReceiptStore.swift; sourceTree = "<group>"; };
		67FFC883FACA1C7CB131B716 /* ReceiptSubmitView.swift */ = {isa = PBXFileReference; lastKnownFileType = sourcecode.swift; path = ReceiptSubmitView.swift; sourceTree = "<group>"; };
		6CEFB96E5673FBC20796DFAE /* ContentView.swift */ = {isa = PBXFileReference; lastKnownFileType = sourcecode.swift; path = ContentView.swift; sourceTree = "<group>"; };
		7B3295A349899BF8290F0B97 /* ScannedTextSubmitView.swift */ = {isa = PBXFileReference; lastKnownFileType = sourcecode.swift; path = ScannedTextSubmitView.swift; sourceTree = "<group>"; };
		820F21560AF35EFF72979693 /* CategoryStore.swift */ = {isa = PBXFileReference; lastKnownFileType = sourcecode.swift; path = CategoryStore.swift; sourceTree = "<group>"; };
		86375C2C83E8E61C3F858C9B /* KeychainHelper.swift */ = {isa = PBXFileReference; lastKnownFileType = sourcecode.swift; path = KeychainHelper.swift; sourceTree = "<group>"; };
		95B580A99D583CAAF76374FD /* ManualReceiptEntryView.swift */ = {isa = PBXFileReference; lastKnownFileType = sourcecode.swift; path = ManualReceiptEntryView.swift; sourceTree = "<group>"; };
		9E9676D03C5C8CD8922DCCCB /* ReceiptDrop.app */ = {isa = PBXFileReference; explicitFileType = wrapper.application; includeInIndex = 0; path = ReceiptDrop.app; sourceTree = BUILT_PRODUCTS_DIR; };
		A390548284FDD4A341F7ABF5 /* ShareExtension.entitlements */ = {isa = PBXFileReference; lastKnownFileType = text.plist.entitlements; path = ShareExtension.entitlements; sourceTree = "<group>"; };
		A7730A1380B462CC48DB1C5E /* ClaudeService.swift */ = {isa = PBXFileReference; lastKnownFileType = sourcecode.swift; path = ClaudeService.swift; sourceTree = "<group>"; };
		A9E51159281ABA1A7AF432D8 /* ReceiptPreviewView.swift */ = {isa = PBXFileReference; lastKnownFileType = sourcecode.swift; path = ReceiptPreviewView.swift; sourceTree = "<group>"; };
		B105A03343BABE54825F3461 /* LiveTextScannerView.swift */ = {isa = PBXFileReference; lastKnownFileType = sourcecode.swift; path = LiveTextScannerView.swift; sourceTree = "<group>"; };
		C122E6E29AE0F7137A22889C /* SubmissionPipeline.swift */ = {isa = PBXFileReference; lastKnownFileType = sourcecode.swift; path = SubmissionPipeline.swift; sourceTree = "<group>"; };
		D65E49DF78FE2F53DF54D1FB /* ShareSheetView.swift */ = {isa = PBXFileReference; lastKnownFileType = sourcecode.swift; path = ShareSheetView.swift; sourceTree = "<group>"; };
		D82B6FF53C985F3570C022F3 /* ReceiptDrop.entitlements */ = {isa = PBXFileReference; lastKnownFileType = text.plist.entitlements; path = ReceiptDrop.entitlements; sourceTree = "<group>"; };
		E2941693C5D3EECC412C2593 /* AppConstants.swift */ = {isa = PBXFileReference; lastKnownFileType = sourcecode.swift; path = AppConstants.swift; sourceTree = "<group>"; };
/* End PBXFileReference section */

/* Begin PBXGroup section */
		6CD442EA577FD2892FF72245 /* Products */ = {
			isa = PBXGroup;
			children = (
				9E9676D03C5C8CD8922DCCCB /* ReceiptDrop.app */,
				24F99E4477C2AFEDD8DC698B /* ShareExtension.appex */,
			);
			name = Products;
			sourceTree = "<group>";
		};
		A3B0FC30822C22529DBBE8F8 /* ShareExtension */ = {
			isa = PBXGroup;
			children = (
				096738F483C15B82B353EC44 /* Info.plist */,
				A390548284FDD4A341F7ABF5 /* ShareExtension.entitlements */,
				D65E49DF78FE2F53DF54D1FB /* ShareSheetView.swift */,
				1A93982D67223B82A377969E /* ShareViewController.swift */,
			);
			path = ShareExtension;
			sourceTree = "<group>";
		};
		A89798D37D65AA8A1ADB81E3 = {
			isa = PBXGroup;
			children = (
				D8607A85D586C1E1A625313F /* ReceiptDrop */,
				CE83CD9A3D49B6FB64882F6E /* Shared */,
				A3B0FC30822C22529DBBE8F8 /* ShareExtension */,
				6CD442EA577FD2892FF72245 /* Products */,
			);
			sourceTree = "<group>";
		};
		CE83CD9A3D49B6FB64882F6E /* Shared */ = {
			isa = PBXGroup;
			children = (
				E2941693C5D3EECC412C2593 /* AppConstants.swift */,
				820F21560AF35EFF72979693 /* CategoryStore.swift */,
				A7730A1380B462CC48DB1C5E /* ClaudeService.swift */,
				86375C2C83E8E61C3F858C9B /* KeychainHelper.swift */,
				6327AB2F8D8F5AB6B0134013 /* LocalReceiptStore.swift */,
				2BEF39ED2BA4CEDA82883A16 /* ReceiptModels.swift */,
				67FFC883FACA1C7CB131B716 /* ReceiptSubmitView.swift */,
				C122E6E29AE0F7137A22889C /* SubmissionPipeline.swift */,
				57FF61EB58699460FE16D612 /* SubmissionStore.swift */,
			);
			path = Shared;
			sourceTree = "<group>";
		};
		D8607A85D586C1E1A625313F /* ReceiptDrop */ = {
			isa = PBXGroup;
			children = (
				2BA4083781DB6C6A6F55D792 /* Assets.xcassets */,
				40594EEE43B6E118DC837A56 /* CategoriesView.swift */,
				6CEFB96E5673FBC20796DFAE /* ContentView.swift */,
				2487A2052B551FC00FDF8D17 /* EditReceiptView.swift */,
				3126EACE7989CA12C3083A98 /* Info.plist */,
				B105A03343BABE54825F3461 /* LiveTextScannerView.swift */,
				95B580A99D583CAAF76374FD /* ManualReceiptEntryView.swift */,
				21D87B0E04C004C048B153C0 /* NewReceiptView.swift */,
				D82B6FF53C985F3570C022F3 /* ReceiptDrop.entitlements */,
				399D1B3777B6FF27E193E2F1 /* ReceiptDropApp.swift */,
				A9E51159281ABA1A7AF432D8 /* ReceiptPreviewView.swift */,
				54DEA5E5F2DDE4AC17C77C9D /* ReceiptsView.swift */,
				7B3295A349899BF8290F0B97 /* ScannedTextSubmitView.swift */,
				60DE60441FC6CA5A44E28DEF /* SettingsView.swift */,
				3363F7383B194313AE1C80FF /* Theme.swift */,
			);
			path = ReceiptDrop;
			sourceTree = "<group>";
		};
/* End PBXGroup section */

/* Begin PBXNativeTarget section */
		61F0F3CB407B00DBD4E8AC86 /* ShareExtension */ = {
			isa = PBXNativeTarget;
			buildConfigurationList = B804EECD14840C53D6CC59DD /* Build configuration list for PBXNativeTarget "ShareExtension" */;
			buildPhases = (
				088531336455856D17EFF4F6 /* Sources */,
			);
			buildRules = (
			);
			dependencies = (
			);
			name = ShareExtension;
			packageProductDependencies = (
			);
			productName = ShareExtension;
			productReference = 24F99E4477C2AFEDD8DC698B /* ShareExtension.appex */;
			productType = "com.apple.product-type.app-extension";
		};
		EDB1BC7D2E66F8679AE7B177 /* ReceiptDrop */ = {
			isa = PBXNativeTarget;
			buildConfigurationList = 7F27E6946A43E82D1773ECA1 /* Build configuration list for PBXNativeTarget "ReceiptDrop" */;
			buildPhases = (
				07CA6B8768EF097C0DD41551 /* Sources */,
				0436EAEC8BAFD33B36EEB1D7 /* Resources */,
				A67A5B7F658D7CFB08E3FB0D /* Embed Foundation Extensions */,
			);
			buildRules = (
			);
			dependencies = (
				458F1D5717A650416028F185 /* PBXTargetDependency */,
			);
			name = ReceiptDrop;
			packageProductDependencies = (
			);
			productName = ReceiptDrop;
			productReference = 9E9676D03C5C8CD8922DCCCB /* ReceiptDrop.app */;
			productType = "com.apple.product-type.application";
		};
/* End PBXNativeTarget section */

/* Begin PBXProject section */
		6AA8498808D7803F5B7DEBD8 /* Project object */ = {
			isa = PBXProject;
			attributes = {
				BuildIndependentTargetsInParallel = YES;
				LastUpgradeCheck = 1520;
				TargetAttributes = {
					61F0F3CB407B00DBD4E8AC86 = {
						ProvisioningStyle = Automatic;
					};
					EDB1BC7D2E66F8679AE7B177 = {
						ProvisioningStyle = Automatic;
					};
				};
			};
			buildConfigurationList = 42022B79418640C684641B2A /* Build configuration list for PBXProject "ReceiptDrop" */;
			compatibilityVersion = "Xcode 14.0";
			developmentRegion = en;
			hasScannedForEncodings = 0;
			knownRegions = (
				Base,
				en,
			);
			mainGroup = A89798D37D65AA8A1ADB81E3;
			productRefGroup = 6CD442EA577FD2892FF72245 /* Products */;
			projectDirPath = "";
			projectRoot = "";
			targets = (
				EDB1BC7D2E66F8679AE7B177 /* ReceiptDrop */,
				61F0F3CB407B00DBD4E8AC86 /* ShareExtension */,
			);
		};
/* End PBXProject section */

/* Begin PBXResourcesBuildPhase section */
		0436EAEC8BAFD33B36EEB1D7 /* Resources */ = {
			isa = PBXResourcesBuildPhase;
			buildActionMask = 2147483647;
			files = (
				40103CE18DB63CAEC200FC8E /* Assets.xcassets in Resources */,
			);
			runOnlyForDeploymentPostprocessing = 0;
		};
/* End PBXResourcesBuildPhase section */

/* Begin PBXSourcesBuildPhase section */
		07CA6B8768EF097C0DD41551 /* Sources */ = {
			isa = PBXSourcesBuildPhase;
			buildActionMask = 2147483647;
			files = (
				7BEB3A1247963FEF61B950FE /* AppConstants.swift in Sources */,
				CF06EAD2DC7F665E546AF5DB /* CategoriesView.swift in Sources */,
				A76915423C9B86D56642BCC6 /* CategoryStore.swift in Sources */,
				48B4716DBEE24027E4094340 /* ClaudeService.swift in Sources */,
				C4F8FCDA1B735A3B5E8B03A7 /* ContentView.swift in Sources */,
				986877CE36E68C3BF767AAD1 /* EditReceiptView.swift in Sources */,
				989C15E2F6780A8C9541AE6B /* KeychainHelper.swift in Sources */,
				31E47729BD1490BD30CC4104 /* LiveTextScannerView.swift in Sources */,
				379E0098262BB5CF0E978D5D /* LocalReceiptStore.swift in Sources */,
				D3368E8055B39FE47AA6A0A5 /* ManualReceiptEntryView.swift in Sources */,
				CF5DC508A191029FC0DEA65B /* NewReceiptView.swift in Sources */,
				209B3D7E78931388864C1CC5 /* ReceiptDropApp.swift in Sources */,
				77684F15B8C98AF84E326C8A /* ReceiptModels.swift in Sources */,
				7DA993E96E2763FBAB9BB3A0 /* ReceiptPreviewView.swift in Sources */,
				849150F0B742BED665DFDD9E /* ReceiptSubmitView.swift in Sources */,
				B1D1A4149D421F8F2BB69B12 /* ReceiptsView.swift in Sources */,
				DEF3F7AFC83A15F5A809CF52 /* ScannedTextSubmitView.swift in Sources */,
				167A6DAFB1FCB380DC1D043D /* SettingsView.swift in Sources */,
				77B47008DA30372897F64B0C /* SubmissionPipeline.swift in Sources */,
				AE18599D98AAD1E3BB514884 /* SubmissionStore.swift in Sources */,
				F4D45048DA00D1430D6B75E3 /* Theme.swift in Sources */,
			);
			runOnlyForDeploymentPostprocessing = 0;
		};
		088531336455856D17EFF4F6 /* Sources */ = {
			isa = PBXSourcesBuildPhase;
			buildActionMask = 2147483647;
			files = (
				565E406ADD2728D9A3D43D98 /* AppConstants.swift in Sources */,
				91B1D508C2908A0EB0045532 /* CategoryStore.swift in Sources */,
				2CAE2204791C62216D81F2DE /* ClaudeService.swift in Sources */,
				C2D72AFC0FBB745AFE861F5D /* KeychainHelper.swift in Sources */,
				D1BAED8453DC3C6D5675D660 /* LocalReceiptStore.swift in Sources */,
				ADDC7BC434839EA099ADC4D5 /* ReceiptModels.swift in Sources */,
				B311E2C1168EE57DB4DE55D2 /* ReceiptSubmitView.swift in Sources */,
				0357085443A9651EF4E77F6E /* ShareSheetView.swift in Sources */,
				D103EE8EA7FB89F874E54221 /* ShareViewController.swift in Sources */,
				BF823103E7489F33241DBF6A /* SubmissionPipeline.swift in Sources */,
				54EBDEACA67CDD0340D4C3E1 /* SubmissionStore.swift in Sources */,
			);
			runOnlyForDeploymentPostprocessing = 0;
		};
/* End PBXSourcesBuildPhase section */

/* Begin PBXTargetDependency section */
		458F1D5717A650416028F185 /* PBXTargetDependency */ = {
			isa = PBXTargetDependency;
			target = 61F0F3CB407B00DBD4E8AC86 /* ShareExtension */;
			targetProxy = FC41CCFD59A03FFEE7C9697C /* PBXContainerItemProxy */;
		};
/* End PBXTargetDependency section */

/* Begin XCBuildConfiguration section */
		35815F423041FAAC0A0734D9 /* Debug */ = {
			isa = XCBuildConfiguration;
			buildSettings = {
				CODE_SIGN_ENTITLEMENTS = ShareExtension/ShareExtension.entitlements;
				DEVELOPMENT_TEAM = PF88NMMJH9;
				INFOPLIST_FILE = ShareExtension/Info.plist;
				LD_RUNPATH_SEARCH_PATHS = (
					"$(inherited)",
					"@executable_path/Frameworks",
					"@executable_path/../../Frameworks",
				);
				PRODUCT_BUNDLE_IDENTIFIER = com.dtgincorp.receiptdrop.share;
				SDKROOT = iphoneos;
				TARGETED_DEVICE_FAMILY = "1,2";
			};
			name = Debug;
		};
		3D84E33E934CA51F832A6B80 /* Release */ = {
			isa = XCBuildConfiguration;
			buildSettings = {
				CODE_SIGN_ENTITLEMENTS = ShareExtension/ShareExtension.entitlements;
				DEVELOPMENT_TEAM = PF88NMMJH9;
				INFOPLIST_FILE = ShareExtension/Info.plist;
				LD_RUNPATH_SEARCH_PATHS = (
					"$(inherited)",
					"@executable_path/Frameworks",
					"@executable_path/../../Frameworks",
				);
				PRODUCT_BUNDLE_IDENTIFIER = com.dtgincorp.receiptdrop.share;
				SDKROOT = iphoneos;
				TARGETED_DEVICE_FAMILY = "1,2";
			};
			name = Release;
		};
		8106DD3B62CF106CD0D134BD /* Debug */ = {
			isa = XCBuildConfiguration;
			buildSettings = {
				ALWAYS_SEARCH_USER_PATHS = NO;
				CLANG_ANALYZER_NONNULL = YES;
				CLANG_ANALYZER_NUMBER_OBJECT_CONVERSION = YES_AGGRESSIVE;
				CLANG_CXX_LANGUAGE_STANDARD = "gnu++14";
				CLANG_CXX_LIBRARY = "libc++";
				CLANG_ENABLE_MODULES = YES;
				CLANG_ENABLE_OBJC_ARC = YES;
				CLANG_ENABLE_OBJC_WEAK = YES;
				CLANG_WARN_BLOCK_CAPTURE_AUTORELEASING = YES;
				CLANG_WARN_BOOL_CONVERSION = YES;
				CLANG_WARN_COMMA = YES;
				CLANG_WARN_CONSTANT_CONVERSION = YES;
				CLANG_WARN_DEPRECATED_OBJC_IMPLEMENTATIONS = YES;
				CLANG_WARN_DIRECT_OBJC_ISA_USAGE = YES_ERROR;
				CLANG_WARN_DOCUMENTATION_COMMENTS = YES;
				CLANG_WARN_EMPTY_BODY = YES;
				CLANG_WARN_ENUM_CONVERSION = YES;
				CLANG_WARN_INFINITE_RECURSION = YES;
				CLANG_WARN_INT_CONVERSION = YES;
				CLANG_WARN_NON_LITERAL_NULL_CONVERSION = YES;
				CLANG_WARN_OBJC_IMPLICIT_RETAIN_SELF = YES;
				CLANG_WARN_OBJC_LITERAL_CONVERSION = YES;
				CLANG_WARN_OBJC_ROOT_CLASS = YES_ERROR;
				CLANG_WARN_QUOTED_INCLUDE_IN_FRAMEWORK_HEADER = YES;
				CLANG_WARN_RANGE_LOOP_ANALYSIS = YES;
				CLANG_WARN_STRICT_PROTOTYPES = YES;
				CLANG_WARN_SUSPICIOUS_MOVE = YES;
				CLANG_WARN_UNGUARDED_AVAILABILITY = YES_AGGRESSIVE;
				CLANG_WARN_UNREACHABLE_CODE = YES;
				CLANG_WARN__DUPLICATE_METHOD_MATCH = YES;
				CODE_SIGN_STYLE = Automatic;
				COPY_PHASE_STRIP = NO;
				DEBUG_INFORMATION_FORMAT = dwarf;
				ENABLE_STRICT_OBJC_MSGSEND = YES;
				ENABLE_TESTABILITY = YES;
				GCC_C_LANGUAGE_STANDARD = gnu11;
				GCC_DYNAMIC_NO_PIC = NO;
				GCC_NO_COMMON_BLOCKS = YES;
				GCC_OPTIMIZATION_LEVEL = 0;
				GCC_PREPROCESSOR_DEFINITIONS = (
					"$(inherited)",
					"DEBUG=1",
				);
				GCC_WARN_64_TO_32_BIT_CONVERSION = YES;
				GCC_WARN_ABOUT_RETURN_TYPE = YES_ERROR;
				GCC_WARN_UNDECLARED_SELECTOR = YES;
				GCC_WARN_UNINITIALIZED_AUTOS = YES_AGGRESSIVE;
				GCC_WARN_UNUSED_FUNCTION = YES;
				GCC_WARN_UNUSED_VARIABLE = YES;
				IPHONEOS_DEPLOYMENT_TARGET = 16.0;
				MTL_ENABLE_DEBUG_INFO = INCLUDE_SOURCE;
				MTL_FAST_MATH = YES;
				ONLY_ACTIVE_ARCH = YES;
				PRODUCT_NAME = "$(TARGET_NAME)";
				SDKROOT = iphoneos;
				SWIFT_ACTIVE_COMPILATION_CONDITIONS = DEBUG;
				SWIFT_OPTIMIZATION_LEVEL = "-Onone";
				SWIFT_VERSION = 5.9;
			};
			name = Debug;
		};
		8C41B071E103F314483DC31A /* Debug */ = {
			isa = XCBuildConfiguration;
			buildSettings = {
				ASSETCATALOG_COMPILER_APPICON_NAME = AppIcon;
				CODE_SIGN_ENTITLEMENTS = ReceiptDrop/ReceiptDrop.entitlements;
				CODE_SIGN_IDENTITY = "iPhone Developer";
				DEVELOPMENT_TEAM = PF88NMMJH9;
				INFOPLIST_FILE = ReceiptDrop/Info.plist;
				INFOPLIST_KEY_UILaunchScreen_Generation = YES;
				LD_RUNPATH_SEARCH_PATHS = (
					"$(inherited)",
					"@executable_path/Frameworks",
				);
				PRODUCT_BUNDLE_IDENTIFIER = com.dtgincorp.receiptdrop;
				SDKROOT = iphoneos;
				TARGETED_DEVICE_FAMILY = "1,2";
			};
			name = Debug;
		};
		906391EFFC70E6A31D680FD2 /* Release */ = {
			isa = XCBuildConfiguration;
			buildSettings = {
				ASSETCATALOG_COMPILER_APPICON_NAME = AppIcon;
				CODE_SIGN_ENTITLEMENTS = ReceiptDrop/ReceiptDrop.entitlements;
				CODE_SIGN_IDENTITY = "iPhone Developer";
				DEVELOPMENT_TEAM = PF88NMMJH9;
				INFOPLIST_FILE = ReceiptDrop/Info.plist;
				INFOPLIST_KEY_UILaunchScreen_Generation = YES;
				LD_RUNPATH_SEARCH_PATHS = (
					"$(inherited)",
					"@executable_path/Frameworks",
				);
				PRODUCT_BUNDLE_IDENTIFIER = com.dtgincorp.receiptdrop;
				SDKROOT = iphoneos;
				TARGETED_DEVICE_FAMILY = "1,2";
			};
			name = Release;
		};
		9A3ABE231D6AFC90F6BF75B5 /* Release */ = {
			isa = XCBuildConfiguration;
			buildSettings = {
				ALWAYS_SEARCH_USER_PATHS = NO;
				CLANG_ANALYZER_NONNULL = YES;
				CLANG_ANALYZER_NUMBER_OBJECT_CONVERSION = YES_AGGRESSIVE;
				CLANG_CXX_LANGUAGE_STANDARD = "gnu++14";
				CLANG_CXX_LIBRARY = "libc++";
				CLANG_ENABLE_MODULES = YES;
				CLANG_ENABLE_OBJC_ARC = YES;
				CLANG_ENABLE_OBJC_WEAK = YES;
				CLANG_WARN_BLOCK_CAPTURE_AUTORELEASING = YES;
				CLANG_WARN_BOOL_CONVERSION = YES;
				CLANG_WARN_COMMA = YES;
				CLANG_WARN_CONSTANT_CONVERSION = YES;
				CLANG_WARN_DEPRECATED_OBJC_IMPLEMENTATIONS = YES;
				CLANG_WARN_DIRECT_OBJC_ISA_USAGE = YES_ERROR;
				CLANG_WARN_DOCUMENTATION_COMMENTS = YES;
				CLANG_WARN_EMPTY_BODY = YES;
				CLANG_WARN_ENUM_CONVERSION = YES;
				CLANG_WARN_INFINITE_RECURSION = YES;
				CLANG_WARN_INT_CONVERSION = YES;
				CLANG_WARN_NON_LITERAL_NULL_CONVERSION = YES;
				CLANG_WARN_OBJC_IMPLICIT_RETAIN_SELF = YES;
				CLANG_WARN_OBJC_LITERAL_CONVERSION = YES;
				CLANG_WARN_OBJC_ROOT_CLASS = YES_ERROR;
				CLANG_WARN_QUOTED_INCLUDE_IN_FRAMEWORK_HEADER = YES;
				CLANG_WARN_RANGE_LOOP_ANALYSIS = YES;
				CLANG_WARN_STRICT_PROTOTYPES = YES;
				CLANG_WARN_SUSPICIOUS_MOVE = YES;
				CLANG_WARN_UNGUARDED_AVAILABILITY = YES_AGGRESSIVE;
				CLANG_WARN_UNREACHABLE_CODE = YES;
				CLANG_WARN__DUPLICATE_METHOD_MATCH = YES;
				CODE_SIGN_STYLE = Automatic;
				COPY_PHASE_STRIP = NO;
				DEBUG_INFORMATION_FORMAT = "dwarf-with-dsym";
				ENABLE_NS_ASSERTIONS = NO;
				ENABLE_STRICT_OBJC_MSGSEND = YES;
				GCC_C_LANGUAGE_STANDARD = gnu11;
				GCC_NO_COMMON_BLOCKS = YES;
				GCC_WARN_64_TO_32_BIT_CONVERSION = YES;
				GCC_WARN_ABOUT_RETURN_TYPE = YES_ERROR;
				GCC_WARN_UNDECLARED_SELECTOR = YES;
				GCC_WARN_UNINITIALIZED_AUTOS = YES_AGGRESSIVE;
				GCC_WARN_UNUSED_FUNCTION = YES;
				GCC_WARN_UNUSED_VARIABLE = YES;
				IPHONEOS_DEPLOYMENT_TARGET = 16.0;
				MTL_ENABLE_DEBUG_INFO = NO;
				MTL_FAST_MATH = YES;
				PRODUCT_NAME = "$(TARGET_NAME)";
				SDKROOT = iphoneos;
				SWIFT_COMPILATION_MODE = wholemodule;
				SWIFT_OPTIMIZATION_LEVEL = "-O";
				SWIFT_VERSION = 5.9;
			};
			name = Release;
		};
/* End XCBuildConfiguration section */

/* Begin XCConfigurationList section */
		42022B79418640C684641B2A /* Build configuration list for PBXProject "ReceiptDrop" */ = {
			isa = XCConfigurationList;
			buildConfigurations = (
				8106DD3B62CF106CD0D134BD /* Debug */,
				9A3ABE231D6AFC90F6BF75B5 /* Release */,
			);
			defaultConfigurationIsVisible = 0;
			defaultConfigurationName = Debug;
		};
		7F27E6946A43E82D1773ECA1 /* Build configuration list for PBXNativeTarget "ReceiptDrop" */ = {
			isa = XCConfigurationList;
			buildConfigurations = (
				8C41B071E103F314483DC31A /* Debug */,
				906391EFFC70E6A31D680FD2 /* Release */,
			);
			defaultConfigurationIsVisible = 0;
			defaultConfigurationName = Debug;
		};
		B804EECD14840C53D6CC59DD /* Build configuration list for PBXNativeTarget "ShareExtension" */ = {
			isa = XCConfigurationList;
			buildConfigurations = (
				35815F423041FAAC0A0734D9 /* Debug */,
				3D84E33E934CA51F832A6B80 /* Release */,
			);
			defaultConfigurationIsVisible = 0;
			defaultConfigurationName = Debug;
		};
/* End XCConfigurationList section */
	};
	rootObject = 6AA8498808D7803F5B7DEBD8 /* Project object */;
}
